
Microsoft Visual Studio Solution File, Format Version 12.00
# Visual Studio Version 17
VisualStudioVersion = 17.13.35731.43
MinimumVisualStudioVersion = 10.0.40219.1
Project("{FAE04EC0-301F-11D3-BF4B-00C04F79EFBC}") = "CustomizeLib.BepInEx", "BepInEx\CustomizeLib.BepInEx\CustomizeLib.BepInEx.csproj", "{0C1E37ED-F98F-C9AB-2788-675AD5BF7AFC}"
EndProject
Project("{FAE04EC0-301F-11D3-BF4B-00C04F79EFBC}") = "ElectricPeaReborn.BepInEx", "BepInEx\ElectricPeaReborn.BepInEx\ElectricPeaReborn.BepInEx.csproj", "{EF36B04E-5C2E-4FDB-98F2-4877CA31809D}"
EndProject
Project("{FAE04EC0-301F-11D3-BF4B-00C04F79EFBC}") = "ElectricPeaReborn.MelonLoader", "MelonLoader\ElectricPeaReborn.MelonLoader\ElectricPeaReborn.MelonLoader.csproj", "{F8C09B25-0575-4BD1-8447-C29A85159292}"
EndProject
Project("{FAE04EC0-301F-11D3-BF4B-00C04F79EFBC}") = "SuperDiamondNut.MelonLoader", "MelonLoader\SuperDiamondNut.MelonLoader\SuperDiamondNut.MelonLoader.csproj", "{81E133A4-C385-4325-81C5-65BDCCDD722C}"
EndProject
Project("{FAE04EC0-301F-11D3-BF4B-00C04F79EFBC}") = "SuperDiamondNut.BepInEx", "BepInEx\SuperDiamondNut.BepInEx\SuperDiamondNut.BepInEx.csproj", "{3F33230D-2519-4257-A313-C041DCF0D154}"
EndProject
Project("{FAE04EC0-301F-11D3-BF4B-00C04F79EFBC}") = "IronPeasExtra.MelonLoader", "MelonLoader\IronPeasExtra.MelonLoader\IronPeasExtra.MelonLoader.csproj", "{87C8F244-61A3-4515-B2B0-8CBA5FA54F34}"
EndProject
Project("{FAE04EC0-301F-11D3-BF4B-00C04F79EFBC}") = "IronPeasExtra.BepInEx", "BepInEx\IronPeasExtra.BepInEx\IronPeasExtra.BepInEx.csproj", "{42B6EAFE-86A7-4F7C-985C-0EB470AE0A23}"
EndProject
Project("{FAE04EC0-301F-11D3-BF4B-00C04F79EFBC}") = "SuperDoomSqualour.MelonLoader", "MelonLoader\SuperHypnoDoomSqualour.MelonLoader\SuperDoomSqualour.MelonLoader.csproj", "{02C8444B-7CE6-4E16-8653-63C597697412}"
EndProject
Project("{FAE04EC0-301F-11D3-BF4B-00C04F79EFBC}") = "SuperDoomSqualour.BepInEx", "BepInEx\SuperHypnoDoomSqualour.BepInEx\SuperDoomSqualour.BepInEx.csproj", "{AFF75A84-1C4A-4100-95E0-514F053DC910}"
EndProject
Project("{FAE04EC0-301F-11D3-BF4B-00C04F79EFBC}") = "SuperGarlicFume.MelonLoader", "MelonLoader\SuperGarlicFume.MelonLoader\SuperGarlicFume.MelonLoader.csproj", "{A3613A65-3B2A-40C7-969C-8DA191840ACC}"
EndProject
Project("{FAE04EC0-301F-11D3-BF4B-00C04F79EFBC}") = "SuperGarlicFume.BepInEx", "BepInEx\SuperGarlicFume.BepInEx\SuperGarlicFume.BepInEx.csproj", "{16DE53FB-1260-46E4-A1C2-0207E4E9D4F3}"
EndProject
Project("{FAE04EC0-301F-11D3-BF4B-00C04F79EFBC}") = "IceMelonCannon.MelonLoader", "MelonLoader\IceMelonCannon.MelonLoader\IceMelonCannon.MelonLoader.csproj", "{D07715EF-0FE5-4020-8956-9666AA8C9EB4}"
EndProject
Project("{FAE04EC0-301F-11D3-BF4B-00C04F79EFBC}") = "IceMelonCannon.BepInEx", "BepInEx\IceMelonCannon.BepInEx\IceMelonCannon.BepInEx.csproj", "{A8432C5C-2668-4D2F-9422-52EC6F48D8D9}"
EndProject
Project("{FAE04EC0-301F-11D3-BF4B-00C04F79EFBC}") = "UltimateWinterMelonCannon.MelonLoader", "MelonLoader\UltimateWinterMelonCannon.MelonLoader\UltimateWinterMelonCannon.MelonLoader.csproj", "{9B430F23-DD31-4583-904B-9141182BF289}"
EndProject
Project("{FAE04EC0-301F-11D3-BF4B-00C04F79EFBC}") = "ObsidianDollZombie.MelonLoader", "MelonLoader\ObsidianDollZombie.MelonLoader\ObsidianDollZombie.MelonLoader.csproj", "{CAFC6DA0-4807-4F12-A42B-B4FC01A7E50C}"
EndProject
Project("{FAE04EC0-301F-11D3-BF4B-00C04F79EFBC}") = "UltimateWinterMelonCannon.BepInEx", "BepInEx\UltimateWinterMelonCannon.BepInEx\UltimateWinterMelonCannon.BepInEx.csproj", "{662671DD-E7E8-4980-85C4-C376D3F47145}"
EndProject
Project("{FAE04EC0-301F-11D3-BF4B-00C04F79EFBC}") = "ObsidianDollZombie.BepInEx", "BepInEx\ObsidianDollZombie.BepInEx\ObsidianDollZombie.BepInEx.csproj", "{FD2E30BC-206F-4624-A577-959E1785AD9C}"
EndProject
Project("{2150E333-8FDC-42A3-9474-1A3956D46DE8}") = "解决方案项", "解决方案项", "{9FA3D6BD-1EC1-3BA5-80CB-CE02773A58D5}"
	ProjectSection(SolutionItems) = preProject
		Directory.Build.props = Directory.Build.props
		Il2CppHelp.md = Il2CppHelp.md
		LICENSE = LICENSE
		NOTICE.txt = NOTICE.txt
		README.md = README.md
		更新日志.txt = 更新日志.txt
	EndProjectSection
EndProject
Project("{FAE04EC0-301F-11D3-BF4B-00C04F79EFBC}") = "MilkyBlover.MelonLoader", "MelonLoader\MilkyBlover.MelonLoader\MilkyBlover.MelonLoader.csproj", "{A6FE4EDE-613C-47BC-80CE-BD422D5D9DC5}"
EndProject
Project("{FAE04EC0-301F-11D3-BF4B-00C04F79EFBC}") = "SuperUmbrellasExtra.MelonLoader", "MelonLoader\SuperUmbrellasExtra.MelonLoader\SuperUmbrellasExtra.MelonLoader.csproj", "{E7FFD44B-9A87-4F02-80B3-37464474A0B5}"
EndProject
Project("{FAE04EC0-301F-11D3-BF4B-00C04F79EFBC}") = "IceDoomScaredyShroom.MelonLoader", "MelonLoader\IceDoomScaredyShroom.MelonLoader\IceDoomScaredyShroom.MelonLoader.csproj", "{1DF7AFFD-50F5-4E96-97D6-19EFF5D4FB8F}"
EndProject
Project("{FAE04EC0-301F-11D3-BF4B-00C04F79EFBC}") = "IceDoomCherryJalapeno.MelonLoader", "MelonLoader\IceDoomCherryJalapeno.MelonLoader\IceDoomCherryJalapeno.MelonLoader.csproj", "{7240A1D9-A54D-4B8B-9EA4-49C6234369E6}"
EndProject
Project("{FAE04EC0-301F-11D3-BF4B-00C04F79EFBC}") = "SuperUmbrellasExtra.BepInEx", "BepInEx\SuperUmbrellasExtra.BepInEx\SuperUmbrellasExtra.BepInEx.csproj", "{F341604C-13CB-4C74-B534-10C4B1004B91}"
EndProject
Project("{FAE04EC0-301F-11D3-BF4B-00C04F79EFBC}") = "IceDoomScaredyShroom.BepInEx", "BepInEx\IceDoomScaredyShroom.BepInEx\IceDoomScaredyShroom.BepInEx.csproj", "{C6CD5740-CDA9-4AB2-9BDD-19F6FBC03D64}"
EndProject
Project("{FAE04EC0-301F-11D3-BF4B-00C04F79EFBC}") = "IceDoomCherryJalapeno.BepInEx", "BepInEx\IceDoomCherryJalapeno.BepInEx\IceDoomCherryJalapeno.BepInEx.csproj", "{C3BD9B7F-7027-49A1-BFCB-8A4D69322830}"
EndProject
Project("{FAE04EC0-301F-11D3-BF4B-00C04F79EFBC}") = "ScaredyZombieBox.MelonLoader", "MelonLoader\ScaredyZombieBox.MelonLoader\ScaredyZombieBox.MelonLoader.csproj", "{B1984FFD-0AF6-41F2-A0F2-01CD9D915F04}"
EndProject
Project("{FAE04EC0-301F-11D3-BF4B-00C04F79EFBC}") = "ScaredyZombieBox.BepInEx", "BepInEx\ScaredyZombieBox.BepInEx\ScaredyZombieBox.BepInEx.csproj", "{40F3E4C6-05FF-4D32-A34B-E03C14772572}"
EndProject
Project("{FAE04EC0-301F-11D3-BF4B-00C04F79EFBC}") = "ZombieBoss2Remake.MelonLoader", "MelonLoader\ZombieBoss2Remake.MelonLoader\ZombieBoss2Remake.MelonLoader.csproj", "{E7680EAA-4232-4A5E-B58A-3F11588C4ED0}"
EndProject
Project("{FAE04EC0-301F-11D3-BF4B-00C04F79EFBC}") = "ZombieBoss2Remake.BepInEx", "BepInEx\ZombieBoss2Remake.BepInEx\ZombieBoss2Remake.BepInEx.csproj", "{2296E594-77FB-4A73-8A8C-9ECF3AF97D02}"
EndProject
Project("{FAE04EC0-301F-11D3-BF4B-00C04F79EFBC}") = "MilkyBlover.BepInEx", "BepInEx\MilkyBlover.BepInEx\MilkyBlover.BepInEx.csproj", "{58026148-33EE-4F10-8742-177A263E3A8F}"
EndProject
Project("{FAE04EC0-301F-11D3-BF4B-00C04F79EFBC}") = "CrazySqualour.MelonLoader", "MelonLoader\CrazySqualour\CrazySqualour\CrazySqualour.MelonLoader.csproj", "{E4106AC2-7E1A-4DA6-008F-DDDFCBFB206D}"
EndProject
Project("{FAE04EC0-301F-11D3-BF4B-00C04F79EFBC}") = "DoroCat.BepInEx", "BepInEx\DoroCat_BepInEx\DoroCat_BepInEx\DoroCat.BepInEx.csproj", "{AD0186E9-CAE3-58A1-0CF3-6C92F9B12DE5}"
EndProject
Project("{FAE04EC0-301F-11D3-BF4B-00C04F79EFBC}") = "ElectricSuperGatling_BepInEx", "BepInEx\ElectricSuperGatling_BepInEx\ElectricSuperGatling_BepInEx\ElectricSuperGatling_BepInEx.csproj", "{CFE5E955-21BF-E72B-AD09-4B379A2347F4}"
EndProject
Project("{FAE04EC0-301F-11D3-BF4B-00C04F79EFBC}") = "FireSuperGatling_BepInEx", "BepInEx\FireSuperGatling_BepInEx\FireSuperGatling_BepInEx\FireSuperGatling_BepInEx.csproj", "{AC857480-2E9F-95A2-52C0-95B19E7E390C}"
EndProject
Project("{FAE04EC0-301F-11D3-BF4B-00C04F79EFBC}") = "IceDoomGatling.BepInEx", "BepInEx\IceDoomGatling_BepInEx\IceDoomGatling_BepInEx\IceDoomGatling.BepInEx.csproj", "{B00F7304-24BC-62E2-4369-758202CF53AC}"
EndProject
Project("{FAE04EC0-301F-11D3-BF4B-00C04F79EFBC}") = "IceDoomSniperPea.BepInEx", "BepInEx\IceDoomSniperPea_BepInEx\IceDoomSniperPea_BepInEx\IceDoomSniperPea.BepInEx.csproj", "{A18EC0A6-DDEF-9FDA-75B3-DE2478C36D25}"
EndProject
Project("{FAE04EC0-301F-11D3-BF4B-00C04F79EFBC}") = "IceSqualour.BepInEx", "BepInEx\IceSqualour_BepInEx\IceSqualour_BepInEx\IceSqualour.BepInEx.csproj", "{5B55331D-4E64-1C32-F552-3F8AD5C2CF58}"
EndProject
Project("{FAE04EC0-301F-11D3-BF4B-00C04F79EFBC}") = "PuffFireSniperPea_BepInEx", "BepInEx\PuffFireSniperPea_BepInEx\PuffFireSniperPea_BepInEx\PuffFireSniperPea_BepInEx.csproj", "{7ACAAE25-F520-5144-9C8B-1F837AAD9618}"
EndProject
Project("{FAE04EC0-301F-11D3-BF4B-00C04F79EFBC}") = "PuffSniperPea_BepInEx", "BepInEx\PuffSniperPea_BepInEx\PuffSniperPea_BepInEx\PuffSniperPea_BepInEx.csproj", "{683545F1-A23A-2710-6363-A8C18CFFB16F}"
EndProject
Project("{FAE04EC0-301F-11D3-BF4B-00C04F79EFBC}") = "PuffSuperGatling_BepInEx", "BepInEx\PuffSuperGatling_BepInEx\PuffSuperGatling_BepInEx\PuffSuperGatling_BepInEx.csproj", "{E16BE09F-F7B4-5BBA-DF63-C45AF045059A}"
EndProject
Project("{FAE04EC0-301F-11D3-BF4B-00C04F79EFBC}") = "PuffSuperSnowGatling_BepInEx", "BepInEx\PuffSuperSnowGatling_BepInEx\PuffSuperSnowGatling_BepInEx\PuffSuperSnowGatling_BepInEx.csproj", "{FB0BBCB0-CF98-AF0F-0ADA-C953EBE75E1A}"
EndProject
Project("{FAE04EC0-301F-11D3-BF4B-00C04F79EFBC}") = "DoroCat", "MelonLoader\DoroCat\DoroCat\DoroCat.csproj", "{A3C33CCA-6CF9-0DB1-7778-A969C1970F82}"
EndProject
Project("{FAE04EC0-301F-11D3-BF4B-00C04F79EFBC}") = "GarlicSuperGatling.BepInEx", "BepInEx\GarlicSuperGatling.BepInEx\GarlicSuperGatling.BepInEx.csproj", "{F9D6AE90-3CC7-405B-A1FA-FB8A94CBA73C}"
EndProject
Project("{FAE04EC0-301F-11D3-BF4B-00C04F79EFBC}") = "GarlicSuperGatling", "MelonLoader\GarlicSuperGatling\GarlicSuperGatling\GarlicSuperGatling.csproj", "{BE17ABF1-540B-6508-EA53-34C7F962AB58}"
EndProject
Project("{FAE04EC0-301F-11D3-BF4B-00C04F79EFBC}") = "UltimateMachineChomper", "MelonLoader\UltimateMachineChomper\UltimateMachineChomper\UltimateMachineChomper.csproj", "{079B5FD4-C7F6-4E6F-3713-D4139C981180}"
EndProject
Project("{FAE04EC0-301F-11D3-BF4B-00C04F79EFBC}") = "MScardyShroom", "MelonLoader\MScardyShroom\MScardyShroom\MScardyShroom.csproj", "{127F88BA-BBA3-1463-02C0-387C9715F6D7}"
EndProject
Project("{FAE04EC0-301F-11D3-BF4B-00C04F79EFBC}") = "SolarSpruce", "MelonLoader\SolarSpruce\SolarSpruce\SolarSpruce.csproj", "{253A3680-B249-5495-5C89-78144B8F9E70}"
EndProject
Project("{FAE04EC0-301F-11D3-BF4B-00C04F79EFBC}") = "IceDoomSniperPea", "MelonLoader\IceDoomSniperPea\IceDoomSniperPea\IceDoomSniperPea.csproj", "{D94DEFB0-0BA2-28A0-867F-6C9A0A6FBF88}"
EndProject
Project("{FAE04EC0-301F-11D3-BF4B-00C04F79EFBC}") = "UltimateWinterMelon_BepInEx", "BepInEx\UltimateWinterMelon_BepInEx\UltimateWinterMelon_BepInEx\UltimateWinterMelon_BepInEx.csproj", "{4094BE1F-2489-255F-DCE2-43EF5174FBCE}"
EndProject
Project("{FAE04EC0-301F-11D3-BF4B-00C04F79EFBC}") = "SolarSpruce_BepInEx", "BepInEx\SolarSpruce_BepInEx\SolarSpruce_BepInEx\SolarSpruce_BepInEx.csproj", "{B3C34548-BC8B-FA9A-318C-EFCB8C5FB7CA}"
EndProject
Project("{FAE04EC0-301F-11D3-BF4B-00C04F79EFBC}") = "MScardyShroom.BepInEx", "BepInEx\MScardyShroom.BepInEx\MScardyShroom.BepInEx.csproj", "{67E0EA71-75F2-46FC-B3A6-2B6E54A1DC45}"
EndProject
Project("{FAE04EC0-301F-11D3-BF4B-00C04F79EFBC}") = "UltimateMachineChomper.BepInEx", "BepInEx\UltimateMachineChomper.BepInEx\UltimateMachineChomper.BepInEx.csproj", "{47437E38-2E00-451F-95CF-104010CFEF10}"
EndProject
Project("{FAE04EC0-301F-11D3-BF4B-00C04F79EFBC}") = "GoldenSalmon.BepInEx", "BepInEx\GoldenSalmon.BepInEx\GoldenSalmon.BepInEx.csproj", "{F365C303-8853-8BEE-7332-B58E8A8775A5}"
EndProject
Project("{FAE04EC0-301F-11D3-BF4B-00C04F79EFBC}") = "GoldenSalmon", "MelonLoader\GoldenSalmon\GoldenSalmon\GoldenSalmon.csproj", "{13409D71-B207-58D7-603A-2152FF3FFECA}"
EndProject
Project("{FAE04EC0-301F-11D3-BF4B-00C04F79EFBC}") = "NullNut.MelonLoader", "MelonLoader\NullNut.MelonLoader\NullNut.MelonLoader.csproj", "{DF941D07-E03D-4835-896C-875E18A55ECF}"
EndProject
Project("{FAE04EC0-301F-11D3-BF4B-00C04F79EFBC}") = "IceSniperPeaBepInEx", "BepInEx\IceSniperPeaBepInEx\IceSniperPeaBepInEx\IceSniperPeaBepInEx.csproj", "{B0D93EB0-129C-40C5-B2D6-A8CA8E847259}"
EndProject
Project("{FAE04EC0-301F-11D3-BF4B-00C04F79EFBC}") = "IceSuperThreeGatling", "MelonLoader\IceSuperThreeGatling\IceSuperThreeGatling.csproj", "{561A6C28-5C12-40CD-B421-6072A473E2F6}"
EndProject
Project("{FAE04EC0-301F-11D3-BF4B-00C04F79EFBC}") = "PuffSuperGatling", "MelonLoader\PuffSuperGatling\PuffSuperGatling\PuffSuperGatling.csproj", "{1C02D57F-79CB-17EE-9490-E427B702DCCA}"
EndProject
Project("{FAE04EC0-301F-11D3-BF4B-00C04F79EFBC}") = "FireSuperThreeGatling", "MelonLoader\FireSuperThreeGatling\FireSuperThreeGatling.csproj", "{13C82364-B5B3-415A-A5B9-F4CA7D38CFB2}"
EndProject
Project("{FAE04EC0-301F-11D3-BF4B-00C04F79EFBC}") = "NullNut.BepInEx", "BepInEx\NullNut.BepInEx\NullNut.BepInEx.csproj", "{8714CBD0-C79F-456D-B888-09D192E0F5EF}"
EndProject
Project("{FAE04EC0-301F-11D3-BF4B-00C04F79EFBC}") = "FireSuperThreeGatling.BepInEx", "BepInEx\FireSuperThreeGatling.BepInEx\FireSuperThreeGatling.BepInEx.csproj", "{C81B476A-5967-4C58-B455-873ABCCFC337}"
EndProject
Project("{FAE04EC0-301F-11D3-BF4B-00C04F79EFBC}") = "IceSuperThreeGatling.BepInEx", "BepInEx\IceSuperThreeGatling.BepInEx\IceSuperThreeGatling.BepInEx.csproj", "{965DE189-37EF-418B-94AC-25FB8B09A02E}"
EndProject
Project("{FAE04EC0-301F-11D3-BF4B-00C04F79EFBC}") = "PuffHypnoSuperGatling.MelonLoader", "MelonLoader\PuffHypnoSuperGatling.MelonLoader\PuffHypnoSuperGatling.MelonLoader.csproj", "{A2EC1FA1-6B93-4C5F-B23C-55F069B433FE}"
EndProject
Project("{FAE04EC0-301F-11D3-BF4B-00C04F79EFBC}") = "UltimateFireThreeGatling.MelonLoader", "MelonLoader\UltimateFireThreeGatling.MelonLoader\UltimateFireThreeGatling.MelonLoader.csproj", "{406B8331-52BA-4F5C-8122-F7FEBA789ED1}"
EndProject
Project("{FAE04EC0-301F-11D3-BF4B-00C04F79EFBC}") = "ThreePuffFireSuperGatling.MelonLoader", "MelonLoader\ThreePuffFireSuperGatling.MelonLoader\ThreePuffFireSuperGatling.MelonLoader.csproj", "{3E24689B-EB88-40E8-B831-E6E27205D658}"
EndProject
Project("{FAE04EC0-301F-11D3-BF4B-00C04F79EFBC}") = "UltimateFireThreeGatling.BepInEx", "BepInEx\UltimateFireThreeGatling.BepInEx\UltimateFireThreeGatling.BepInEx.csproj", "{2BDB8194-AB0E-4295-A813-C2924AE750F7}"
EndProject
Project("{FAE04EC0-301F-11D3-BF4B-00C04F79EFBC}") = "PuffFireSuperGatling.MelonLoader", "MelonLoader\PuffFireSuperGatling.MelonLoader\PuffFireSuperGatling.MelonLoader.csproj", "{BB108652-4912-4C59-823B-16371735CA32}"
EndProject
Project("{FAE04EC0-301F-11D3-BF4B-00C04F79EFBC}") = "PuffSuperSnowGatling", "MelonLoader\PuffSuperSnowGatling\PuffSuperSnowGatling\PuffSuperSnowGatling.csproj", "{6AFEA77A-27E1-18E9-F273-92F647B87660}"
EndProject
Project("{FAE04EC0-301F-11D3-BF4B-00C04F79EFBC}") = "ThreePuffSuperGatling.MelonLoader", "MelonLoader\ThreePuffSuperGatling.MelonLoader\ThreePuffSuperGatling.MelonLoader.csproj", "{72C07BB6-E0F1-4F2E-BCD2-39916C3C9726}"
EndProject
Project("{FAE04EC0-301F-11D3-BF4B-00C04F79EFBC}") = "ThreePuffSuperSnowGatling.MelonLoader", "MelonLoader\ThreePuffSuperSnowGatling.MelonLoader\ThreePuffSuperSnowGatling.MelonLoader.csproj", "{D48259FD-A13D-4F96-869E-A03FDEB133FE}"
EndProject
Project("{FAE04EC0-301F-11D3-BF4B-00C04F79EFBC}") = "ThreePuffFireSuperGatling.BepInEx", "BepInEx\ThreePuffFireSuperGatling.BepInEx\ThreePuffFireSuperGatling.BepInEx.csproj", "{0F5CC994-37D7-42DB-9A1D-08F94A8DD888}"
EndProject
Project("{FAE04EC0-301F-11D3-BF4B-00C04F79EFBC}") = "ThreePuffSuperGatling.BepInEx", "BepInEx\ThreePuffSuperGatling.BepInEx\ThreePuffSuperGatling.BepInEx.csproj", "{D9C991F4-7B99-48E8-B9E9-0BB15F6B12E3}"
EndProject
Project("{FAE04EC0-301F-11D3-BF4B-00C04F79EFBC}") = "ThreePuffSuperSnowGatling.BepInEx", "BepInEx\ThreePuffSuperSnowGatling.BepInEx\ThreePuffSuperSnowGatling.BepInEx.csproj", "{5B97FEE6-1680-4E4C-A6DB-BD368FF7F3D5}"
EndProject
Project("{FAE04EC0-301F-11D3-BF4B-00C04F79EFBC}") = "PuffFireSuperGatling.BepInEx", "BepInEx\PuffFireSuperGatling.BepInEx\PuffFireSuperGatling.BepInEx.csproj", "{01D221AE-54F3-4914-873F-13A0DFCE3AFD}"
EndProject
Project("{FAE04EC0-301F-11D3-BF4B-00C04F79EFBC}") = "ObsidianThreeGatling.MelonLoader", "MelonLoader\ObsidianThreeGatling.MelonLoader\ObsidianThreeGatling.MelonLoader.csproj", "{C90362DB-2CA3-4FC3-9455-CB91E8DEC49E}"
EndProject
Project("{FAE04EC0-301F-11D3-BF4B-00C04F79EFBC}") = "ObsidianThreeGatling.BepInEx", "BepInEx\ObsidianThreeGatling.BepInEx\ObsidianThreeGatling.BepInEx.csproj", "{D9CE3F1A-CB42-48B6-8EF0-B295E930C7FD}"
EndProject
Project("{FAE04EC0-301F-11D3-BF4B-00C04F79EFBC}") = "GoldImitater.MelonLoader", "MelonLoader\GoldImitater.MelonLoader\GoldImitater.MelonLoader.csproj", "{B9EF908C-61CA-4346-897B-63DDA54251B1}"
EndProject
Project("{FAE04EC0-301F-11D3-BF4B-00C04F79EFBC}") = "GoldImitater.BepInEx", "BepInEx\GoldImitater.BepInEx\GoldImitater.BepInEx.csproj", "{B8428211-7DF0-45EA-9145-D530CD1273E0}"
EndProject
Project("{FAE04EC0-301F-11D3-BF4B-00C04F79EFBC}") = "HypnoSuperThreeGatling.MelonLoader", "MelonLoader\HypnoSuperThreeGatling.MelonLoader\HypnoSuperThreeGatling.MelonLoader.csproj", "{868B3C19-B2FF-456C-8A4A-AA96187B70CE}"
EndProject
Project("{FAE04EC0-301F-11D3-BF4B-00C04F79EFBC}") = "HypnoSuperThreeGatling.BepInEx", "BepInEx\HypnoSuperThreeGatling.BepInEx\HypnoSuperThreeGatling.BepInEx.csproj", "{9286D1A2-BD37-4D64-BAEC-3FDEDD3E5ED1}"
EndProject
Project("{FAE04EC0-301F-11D3-BF4B-00C04F79EFBC}") = "MagicZombie.MelonLoader", "MelonLoader\MagicZombie.MelonLoader\MagicZombie.MelonLoader.csproj", "{30EDE387-6DB2-4378-9F63-952C91C191DE}"
EndProject
Project("{FAE04EC0-301F-11D3-BF4B-00C04F79EFBC}") = "CrazySqualour.BepInEx", "BepInEx\CrazySqualour.BepInEx\CrazySqualour.BepInEx.csproj", "{99DA3B4E-FADC-4049-9D8C-832B5D57012C}"
EndProject
Project("{FAE04EC0-301F-11D3-BF4B-00C04F79EFBC}") = "MordenGatling.MelonLoader", "MelonLoader\MordenGatling.MelonLoader\MordenGatling.MelonLoader.csproj", "{D32D4BF0-0728-4F4A-9CD2-7F96EE7D5AAF}"
EndProject
Project("{FAE04EC0-301F-11D3-BF4B-00C04F79EFBC}") = "MagicZombie.BepInEx", "BepInEx\MagicZombie.BepInEx\MagicZombie.BepInEx.csproj", "{DCBEBCA3-D0CA-430C-9244-96BCDC88C3AC}"
EndProject
Project("{FAE04EC0-301F-11D3-BF4B-00C04F79EFBC}") = "UltimateSpikeTorch.MelonLoader", "MelonLoader\UltimateSpikeTorch.MelonLoader\UltimateSpikeTorch.MelonLoader.csproj", "{96579670-CB8C-49C5-B675-BA8DDEFF08AA}"
EndProject
Project("{FAE04EC0-301F-11D3-BF4B-00C04F79EFBC}") = "QuickJacsonDriver.MelonLoader", "MelonLoader\QuickJacsonDriver.MelonLoader\QuickJacsonDriver.MelonLoader.csproj", "{F100CF67-AA29-4E73-9282-619F35892A2F}"
EndProject
Project("{FAE04EC0-301F-11D3-BF4B-00C04F79EFBC}") = "UltimateDoomMinigun.MelonLoader", "MelonLoader\UltimateDoomMinigun.MelonLoader\UltimateDoomMinigun.MelonLoader.csproj", "{6A7A0C4F-AF41-475C-9917-A5E477BA75B8}"
EndProject
Project("{FAE04EC0-301F-11D3-BF4B-00C04F79EFBC}") = "UltimateDoomMinigun.BepInEx", "BepInEx\UltimateDoomMinigun.BepInEx\UltimateDoomMinigun.BepInEx.csproj", "{87F4F1A3-97CB-4C23-978A-9B308784B22F}"
EndProject
Project("{FAE04EC0-301F-11D3-BF4B-00C04F79EFBC}") = "UltimateCornNut.MelonLoader", "MelonLoader\UltimateCornNut.MelonLoader\UltimateCornNut.MelonLoader.csproj", "{8D16E631-5698-47EE-8C73-2AF67CBE2AFA}"
EndProject
Project("{FAE04EC0-301F-11D3-BF4B-00C04F79EFBC}") = "UltimateCornNut.BepInEx", "BepInEx\UltimateCornNut.BepInEx\UltimateCornNut.BepInEx.csproj", "{C8589747-D650-4581-A2B7-5A6FBCE2B423}"
EndProject
Project("{FAE04EC0-301F-11D3-BF4B-00C04F79EFBC}") = "SolarEclipseCabbage.MelonLoader", "MelonLoader\SolarEclipseCabbage.MelonLoader\SolarEclipseCabbage.MelonLoader.csproj", "{DCF28942-9A94-46EB-83CB-C09E3693501E}"
EndProject
Project("{FAE04EC0-301F-11D3-BF4B-00C04F79EFBC}") = "DoomGatlingBlover.MelonLoader", "MelonLoader\DoomGatlingBlover.MelonLoader\DoomGatlingBlover.MelonLoader.csproj", "{DD90C886-A22D-4739-8ADE-4D3F84B1971B}"
EndProject
Project("{FAE04EC0-301F-11D3-BF4B-00C04F79EFBC}") = "SuperShovelLevel.MelonLoader", "MelonLoader\SuperShovelLevel.MelonLoader\SuperShovelLevel.MelonLoader.csproj", "{780515CE-63FE-4800-AFA6-58DA82439692}"
EndProject
Project("{FAE04EC0-301F-11D3-BF4B-00C04F79EFBC}") = "DoomGatlingBlover.BepInEx", "BepInEx\DoomGatlingBlover.BepInEx\DoomGatlingBlover.BepInEx.csproj", "{7BA7BB71-5C85-4991-9D25-3502E5B888B4}"
EndProject
Project("{FAE04EC0-301F-11D3-BF4B-00C04F79EFBC}") = "PuffUltimateGatling.MelonLoader", "MelonLoader\PuffUltimateGatling.MelonLoader\PuffUltimateGatling.MelonLoader.csproj", "{F5B86350-17E2-4E0C-BA34-7C94F0904934}"
EndProject
Project("{FAE04EC0-301F-11D3-BF4B-00C04F79EFBC}") = "PuffUltimateGatling.BepInEx", "BepInEx\PuffUltimateGatling.BepInEx\PuffUltimateGatling.BepInEx.csproj", "{9650B82E-FF8A-43DA-9121-32696148ED8C}"
EndProject
Project("{FAE04EC0-301F-11D3-BF4B-00C04F79EFBC}") = "UltimateCherryTorch.MelonLoader", "MelonLoader\UltimateCherryTorch.MelonLoader\UltimateCherryTorch.MelonLoader.csproj", "{7D685625-35D0-4F79-9117-1F9DD6C16415}"
EndProject
Project("{FAE04EC0-301F-11D3-BF4B-00C04F79EFBC}") = "UltimateCherryTorch.BepInEx", "BepInEx\UltimateCherryTorch.BepInEx\UltimateCherryTorch.BepInEx.csproj", "{752B1558-04D4-49B2-977C-69F885A14633}"
EndProject
Project("{FAE04EC0-301F-11D3-BF4B-00C04F79EFBC}") = "UltimateDoomSqualour.MelonLoader", "MelonLoader\UltimateDoomSqualour.MelonLoader\UltimateDoomSqualour.MelonLoader.csproj", "{0E5EDAFE-1BA2-4651-B2B6-FA435451007C}"
EndProject
Project("{FAE04EC0-301F-11D3-BF4B-00C04F79EFBC}") = "UltimateDoomMinigunScaredy.MelonLoader", "MelonLoader\UltimateDoomMinigunScaredy.MelonLoader\UltimateDoomMinigunScaredy.MelonLoader.csproj", "{5DB0DDDD-E503-45A7-A83E-71D5AFC9764D}"
EndProject
Project("{FAE04EC0-301F-11D3-BF4B-00C04F79EFBC}") = "UltimateCactusSkin.MelonLoader", "MelonLoader\UltimateCactusSkin.MelonLoader\UltimateCactusSkin.MelonLoader.csproj", "{EEAFDA45-7B01-457C-B0EE-C38F117AE9BC}"
EndProject
Project("{FAE04EC0-301F-11D3-BF4B-00C04F79EFBC}") = "UltimateDoomMinigunScaredy.BepInEx", "BepInEx\UltimateDoomMinigunScaredy.BepInEx\UltimateDoomMinigunScaredy.BepInEx.csproj", "{DBF80380-99BB-4B2A-90A5-BED1ABC8B184}"
EndProject
Project("{FAE04EC0-301F-11D3-BF4B-00C04F79EFBC}") = "SolarEclipseCabbage.BepInEx", "BepInEx\SolarEclipseCabbage.BepInEx\SolarEclipseCabbage.BepInEx.csproj", "{FEA62046-AA9E-4793-B0C5-02CF279B3CC4}"
EndProject
Project("{FAE04EC0-301F-11D3-BF4B-00C04F79EFBC}") = "UltimateCactusSkin.BepInEx", "BepInEx\UltimateCactusSkin.BepInEx\UltimateCactusSkin.BepInEx.csproj", "{4F5F217F-9361-4C52-A2C2-55FAF8D7F7F9}"
EndProject
Project("{FAE04EC0-301F-11D3-BF4B-00C04F79EFBC}") = "SolarHypno.MelonLoader", "MelonLoader\SolarHypno.MelonLoader\SolarHypno.MelonLoader.csproj", "{1BB80F64-C890-4B36-A294-F0A5635C065E}"
EndProject
Project("{FAE04EC0-301F-11D3-BF4B-00C04F79EFBC}") = "ElectricSuperGatling.MelonLoader", "MelonLoader\ElectricSuperGatling.MelonLoader\ElectricSuperGatling.MelonLoader.csproj", "{EA1E63B2-FF18-477F-AD72-14DB1DA9101A}"
EndProject
Project("{FAE04EC0-301F-11D3-BF4B-00C04F79EFBC}") = "Salmon.BepInEx", "BepInEx\Salmon.BepInEx\Salmon.BepInEx.csproj", "{B03F975B-4D35-4535-99FD-B673140210E9}"
EndProject
Project("{FAE04EC0-301F-11D3-BF4B-00C04F79EFBC}") = "SplitSuperGatling.MelonLoader", "MelonLoader\SplitSuperGatling.MelonLoader\SplitSuperGatling.MelonLoader.csproj", "{444C729C-12BB-434A-9C71-A6B002EF6549}"
EndProject
Project("{FAE04EC0-301F-11D3-BF4B-00C04F79EFBC}") = "SplitSuperGatling.BepInEx", "BepInEx\SplitSuperGatling.BepInEx\SplitSuperGatling.BepInEx.csproj", "{16A12A47-F3B9-4CD0-8CD1-C661C79A60B0}"
EndProject
Project("{FAE04EC0-301F-11D3-BF4B-00C04F79EFBC}") = "SolarHypno.BepInEx", "BepInEx\SolarHypno.BepInEx\SolarHypno.BepInEx.csproj", "{968D0FA2-9C29-4966-9B96-06B6273BA34D}"
EndProject
Project("{FAE04EC0-301F-11D3-BF4B-00C04F79EFBC}") = "UltimateWinterCabbagecannon.MelonLoader", "MelonLoader\UltimateWinterCabbagecannon.MelonLoader\UltimateWinterCabbagecannon.MelonLoader.csproj", "{50507DE6-7092-423B-897F-1CA3E43C172D}"
EndProject
Project("{FAE04EC0-301F-11D3-BF4B-00C04F79EFBC}") = "FreezingCherry.MelonLoader", "MelonLoader\FreezingCherry.MelonLoader\FreezingCherry.MelonLoader.csproj", "{C9245846-6EDB-41DC-80F1-371AFC21EF22}"
EndProject
Project("{FAE04EC0-301F-11D3-BF4B-00C04F79EFBC}") = "UltimateWinterCabbagecannon.BepInEx", "BepInEx\UltimateWinterCabbagecannon.BepInEx\UltimateWinterCabbagecannon.BepInEx.csproj", "{07F255FA-E7AB-4D2C-8A8C-4ED88404B5AF}"
EndProject
Project("{FAE04EC0-301F-11D3-BF4B-00C04F79EFBC}") = "FreezingCherry.BepInEx", "BepInEx\FreezingCherry.BepInEx\FreezingCherry.BepInEx.csproj", "{B12E8A81-E7D2-4468-BE87-701E0F86887D}"
EndProject
Project("{FAE04EC0-301F-11D3-BF4B-00C04F79EFBC}") = "PuffUltimateChomper.BepInEx", "BepInEx\PuffUltimateChomper.BepInEx\PuffUltimateChomper.BepInEx.csproj", "{ECD36127-ABFC-4FC7-B5E5-3CE709B0152A}"
EndProject
Project("{FAE04EC0-301F-11D3-BF4B-00C04F79EFBC}") = "SubspeciesEntry.BepInEx", "BepInEx\SubspeciesEntry.BepInEx\SubspeciesEntry.BepInEx.csproj", "{D830EE48-2F29-416A-B5F7-FBF17B95B8E4}"
EndProject
Project("{FAE04EC0-301F-11D3-BF4B-00C04F79EFBC}") = "ZombieImitater.BepInEx", "BepInEx\ZombieImitater.BepInEx\ZombieImitater.BepInEx.csproj", "{8707CDCF-4F3F-4753-BCD2-6657EBA93391}"
EndProject
Project("{FAE04EC0-301F-11D3-BF4B-00C04F79EFBC}") = "SuperConveyorBelt2.BepInEx", "BepInEx\SuperConveyorBelt2.BepInEx\SuperConveyorBelt2.BepInEx.csproj", "{80808C2D-15A3-4C4F-98AE-167B1DBAD693}"
EndProject
Project("{FAE04EC0-301F-11D3-BF4B-00C04F79EFBC}") = "SuperShovelLevel.BepInEx", "BepInEx\SuperShovelLevel.BepInEx\SuperShovelLevel.BepInEx.csproj", "{933AF0D8-10DE-45A7-BAA9-0F480C11AC99}"
EndProject
Project("{FAE04EC0-301F-11D3-BF4B-00C04F79EFBC}") = "EnumCodeGenerator", "BepInEx\EnumCodeGenerator\EnumCodeGenerator.csproj", "{2F2F92F6-9ED8-43A7-852C-9A962DC74686}"
EndProject
Project("{FAE04EC0-301F-11D3-BF4B-00C04F79EFBC}") = "UltimateFireSpike.BepInEx", "BepInEx\UltimateFireSpike.BepInEx\UltimateFireSpike.BepInEx.csproj", "{CE7D0B33-3438-46F2-A4B3-DC16FBBE1CF4}"
EndProject
Project("{FAE04EC0-301F-11D3-BF4B-00C04F79EFBC}") = "JalaSqualour_BepInEx", "BepInEx\JalaSqualour_BepInEx\JalaSqualour_BepInEx\JalaSqualour_BepInEx.csproj", "{2E62FC1A-B048-C973-2D9F-45722735CB37}"
EndProject
Project("{FAE04EC0-301F-11D3-BF4B-00C04F79EFBC}") = "PuffHypnoSuperGatling.BepInEx", "BepInEx\PuffHypnoSuperGatling.BepInEx\PuffHypnoSuperGatling.BepInEx.csproj", "{09B7B66F-DEEB-489A-A5E9-0BCD0599B625}"
EndProject
Project("{FAE04EC0-301F-11D3-BF4B-00C04F79EFBC}") = "TemplateProject.BepInEx", "BepInEx\TemplateProject.BepInEx\TemplateProject.BepInEx.csproj", "{ABF278C8-42B7-467B-9481-5ADEA4843C72}"
EndProject
Project("{FAE04EC0-301F-11D3-BF4B-00C04F79EFBC}") = "ThreePuffSuperHypnoGatling.BepInEx", "BepInEx\ThreePuffSuperHypnoGatling.BepInEx\ThreePuffSuperHypnoGatling.BepInEx.csproj", "{5092C237-849D-4020-A65B-15470FF8B105}"
EndProject
Project("{FAE04EC0-301F-11D3-BF4B-00C04F79EFBC}") = "Mower.BepInEx", "BepInEx\Mower.BepInEx\Mower.BepInEx.csproj", "{1A1F68CA-C9C8-460A-8E3F-03D3584D480E}"
EndProject
Project("{FAE04EC0-301F-11D3-BF4B-00C04F79EFBC}") = "UltimateDoomSqualour.BepInEx", "BepInEx\UltimateDoomSqualour.BepInEx\UltimateDoomSqualour.BepInEx.csproj", "{0A9920E6-8554-4744-AEF1-226534F646BA}"
EndProject
Project("{FAE04EC0-301F-11D3-BF4B-00C04F79EFBC}") = "UltimateWinterLevel.BepInEx", "BepInEx\UltimateWinterLevel.BepInEx\UltimateWinterLevel.BepInEx.csproj", "{CBE03D11-3658-46D9-AA2B-E9A3A43CEE3E}"
EndProject
Project("{FAE04EC0-301F-11D3-BF4B-00C04F79EFBC}") = "UltimateCornFume.BepInEx", "BepInEx\UltimateCornFume.BepInEx\UltimateCornFume.BepInEx.csproj", "{27ACADB4-BBD8-2B67-FA69-5519FDF3B600}"
EndProject
Project("{FAE04EC0-301F-11D3-BF4B-00C04F79EFBC}") = "UltimateDoomSniperPea.BepInEx", "BepInEx\UltimateDoomSniperPea.BepInEx\UltimateDoomSniperPea.BepInEx.csproj", "{8F12C8F0-2461-41AF-8934-F6E3B7B9DC0A}"
EndProject
Project("{FAE04EC0-301F-11D3-BF4B-00C04F79EFBC}") = "MakeDoomSniperGreatAgain.BepInEx", "BepInEx\MakeDoomSniperGreatAgain.BepInEx\MakeDoomSniperGreatAgain.BepInEx.csproj", "{F9174712-4253-4DA2-9D5A-2E04AB22EDEC}"
EndProject
Project("{FAE04EC0-301F-11D3-BF4B-00C04F79EFBC}") = "UltimateGoldImitater.BepInEx", "BepInEx\UltimateGoldImitater.BepInEx\UltimateGoldImitater.BepInEx.csproj", "{104BADF3-4134-41DF-AB09-1A12F2EFC91F}"
EndProject
Project("{FAE04EC0-301F-11D3-BF4B-00C04F79EFBC}") = "ConsoleApp1", "ConsoleApp1\ConsoleApp1.csproj", "{7BB388C4-4041-4475-881B-F124396577DA}"
EndProject
Project("{FAE04EC0-301F-11D3-BF4B-00C04F79EFBC}") = "PotaoExplode.BepInEx", "BepInEx\PotaoExplode.BepInEx\PotaoExplode.BepInEx.csproj", "{C13726F7-D4DC-4195-82C4-F337D7FBE9B1}"
EndProject
Project("{FAE04EC0-301F-11D3-BF4B-00C04F79EFBC}") = "UltimatePortalSpring.BepInEx", "BepInEx\UltiamtePortalSpring.BepInEx\UltimatePortalSpring.BepInEx.csproj", "{8D980DE7-1B95-45A1-BB0C-A308D54EF0C4}"
EndProject
Project("{FAE04EC0-301F-11D3-BF4B-00C04F79EFBC}") = "AutoPlay.BepInEx", "BepInEx\AutoPlay.BepInEx\AutoPlay.BepInEx.csproj", "{D7D5B83A-F5EA-418A-994C-9663624FE276}"
EndProject
Project("{FAE04EC0-301F-11D3-BF4B-00C04F79EFBC}") = "GGGGPenguin.BepInEx", "BepInEx\GGGGPenguin.BepInEx\GGGGPenguin.BepInEx.csproj", "{D8651FB4-CB79-4236-8F57-91D68B8F8656}"
EndProject
Project("{FAE04EC0-301F-11D3-BF4B-00C04F79EFBC}") = "PriceWins.BepInEx", "BepInEx\PriceWins.BepInEx\PriceWins.BepInEx.csproj", "{98F921B9-B8F4-4176-BFBF-51DF0FACD856}"
EndProject
Project("{FAE04EC0-301F-11D3-BF4B-00C04F79EFBC}") = "SuperPeaFume.BepInEx", "BepInEx\SuperPeaFume.BepInEx\SuperPeaFume.BepInEx.csproj", "{4984DC9A-FCCA-4C50-BB6E-4D1EB1737FAA}"
EndProject
Project("{FAE04EC0-301F-11D3-BF4B-00C04F79EFBC}") = "MegaSuperGatling.BepInEx", "BepInEx\MegaSuperGatling.BepInEx\MegaSuperGatling.BepInEx.csproj", "{6A50D025-5775-4CAB-AFC4-2C46265CB798}"
EndProject
Project("{FAE04EC0-301F-11D3-BF4B-00C04F79EFBC}") = "EvolveGodSuperSnowGatling.BepInEx", "BepInEx\EvolveGodSuperSnowGatling.BepInEx\EvolveGodSuperSnowGatling.BepInEx.csproj", "{B81EE522-668C-40D8-B78D-712BD76BD5F4}"
EndProject
Project("{FAE04EC0-301F-11D3-BF4B-00C04F79EFBC}") = "SuperSniperGatling.BepInEx", "BepInEx\SuperSniperGatling.BepInEx\SuperSniperGatling.BepInEx.csproj", "{6356BB0C-55DA-464F-A586-C0A14EF48A7A}"
EndProject
Project("{FAE04EC0-301F-11D3-BF4B-00C04F79EFBC}") = "SuperMineGatling.BepInEx", "BepInEx\SuperMineGatling.BepInEx\SuperMineGatling.BepInEx.csproj", "{B8DB4803-212C-452A-8DBA-68BD386BDE23}"
EndProject
Project("{FAE04EC0-301F-11D3-BF4B-00C04F79EFBC}") = "BetterSuperMachine.BepInEx", "BepInEx\BetterSuperMachine.BepInEx\BetterSuperMachine.BepInEx.csproj", "{6582B3D3-1345-4C08-9671-16AED4448487}"
EndProject
Global
	GlobalSection(SolutionConfigurationPlatforms) = preSolution
		Debug|Any CPU = Debug|Any CPU
		Release|Any CPU = Release|Any CPU
	EndGlobalSection
	GlobalSection(ProjectConfigurationPlatforms) = postSolution
		{0C1E37ED-F98F-C9AB-2788-675AD5BF7AFC}.Debug|Any CPU.ActiveCfg = Debug|Any CPU
		{0C1E37ED-F98F-C9AB-2788-675AD5BF7AFC}.Debug|Any CPU.Build.0 = Debug|Any CPU
		{0C1E37ED-F98F-C9AB-2788-675AD5BF7AFC}.Release|Any CPU.ActiveCfg = Release|Any CPU
		{0C1E37ED-F98F-C9AB-2788-675AD5BF7AFC}.Release|Any CPU.Build.0 = Release|Any CPU
		{EF36B04E-5C2E-4FDB-98F2-4877CA31809D}.Debug|Any CPU.ActiveCfg = Debug|Any CPU
		{EF36B04E-5C2E-4FDB-98F2-4877CA31809D}.Debug|Any CPU.Build.0 = Debug|Any CPU
		{EF36B04E-5C2E-4FDB-98F2-4877CA31809D}.Release|Any CPU.ActiveCfg = Release|Any CPU
		{EF36B04E-5C2E-4FDB-98F2-4877CA31809D}.Release|Any CPU.Build.0 = Release|Any CPU
		{F8C09B25-0575-4BD1-8447-C29A85159292}.Debug|Any CPU.ActiveCfg = Debug|Any CPU
		{F8C09B25-0575-4BD1-8447-C29A85159292}.Debug|Any CPU.Build.0 = Debug|Any CPU
		{F8C09B25-0575-4BD1-8447-C29A85159292}.Release|Any CPU.ActiveCfg = Release|Any CPU
		{F8C09B25-0575-4BD1-8447-C29A85159292}.Release|Any CPU.Build.0 = Release|Any CPU
		{81E133A4-C385-4325-81C5-65BDCCDD722C}.Debug|Any CPU.ActiveCfg = Debug|Any CPU
		{81E133A4-C385-4325-81C5-65BDCCDD722C}.Debug|Any CPU.Build.0 = Debug|Any CPU
		{81E133A4-C385-4325-81C5-65BDCCDD722C}.Release|Any CPU.ActiveCfg = Release|Any CPU
		{81E133A4-C385-4325-81C5-65BDCCDD722C}.Release|Any CPU.Build.0 = Release|Any CPU
		{3F33230D-2519-4257-A313-C041DCF0D154}.Debug|Any CPU.ActiveCfg = Debug|Any CPU
		{3F33230D-2519-4257-A313-C041DCF0D154}.Debug|Any CPU.Build.0 = Debug|Any CPU
		{3F33230D-2519-4257-A313-C041DCF0D154}.Release|Any CPU.ActiveCfg = Release|Any CPU
		{3F33230D-2519-4257-A313-C041DCF0D154}.Release|Any CPU.Build.0 = Release|Any CPU
		{87C8F244-61A3-4515-B2B0-8CBA5FA54F34}.Debug|Any CPU.ActiveCfg = Debug|Any CPU
		{87C8F244-61A3-4515-B2B0-8CBA5FA54F34}.Debug|Any CPU.Build.0 = Debug|Any CPU
		{87C8F244-61A3-4515-B2B0-8CBA5FA54F34}.Release|Any CPU.ActiveCfg = Release|Any CPU
		{87C8F244-61A3-4515-B2B0-8CBA5FA54F34}.Release|Any CPU.Build.0 = Release|Any CPU
		{42B6EAFE-86A7-4F7C-985C-0EB470AE0A23}.Debug|Any CPU.ActiveCfg = Debug|Any CPU
		{42B6EAFE-86A7-4F7C-985C-0EB470AE0A23}.Debug|Any CPU.Build.0 = Debug|Any CPU
		{42B6EAFE-86A7-4F7C-985C-0EB470AE0A23}.Release|Any CPU.ActiveCfg = Release|Any CPU
		{42B6EAFE-86A7-4F7C-985C-0EB470AE0A23}.Release|Any CPU.Build.0 = Release|Any CPU
		{02C8444B-7CE6-4E16-8653-63C597697412}.Debug|Any CPU.ActiveCfg = Debug|Any CPU
		{02C8444B-7CE6-4E16-8653-63C597697412}.Debug|Any CPU.Build.0 = Debug|Any CPU
		{02C8444B-7CE6-4E16-8653-63C597697412}.Release|Any CPU.ActiveCfg = Release|Any CPU
		{02C8444B-7CE6-4E16-8653-63C597697412}.Release|Any CPU.Build.0 = Release|Any CPU
		{AFF75A84-1C4A-4100-95E0-514F053DC910}.Debug|Any CPU.ActiveCfg = Debug|Any CPU
		{AFF75A84-1C4A-4100-95E0-514F053DC910}.Debug|Any CPU.Build.0 = Debug|Any CPU
		{AFF75A84-1C4A-4100-95E0-514F053DC910}.Release|Any CPU.ActiveCfg = Release|Any CPU
		{AFF75A84-1C4A-4100-95E0-514F053DC910}.Release|Any CPU.Build.0 = Release|Any CPU
		{A3613A65-3B2A-40C7-969C-8DA191840ACC}.Debug|Any CPU.ActiveCfg = Debug|Any CPU
		{A3613A65-3B2A-40C7-969C-8DA191840ACC}.Debug|Any CPU.Build.0 = Debug|Any CPU
		{A3613A65-3B2A-40C7-969C-8DA191840ACC}.Release|Any CPU.ActiveCfg = Release|Any CPU
		{A3613A65-3B2A-40C7-969C-8DA191840ACC}.Release|Any CPU.Build.0 = Release|Any CPU
		{16DE53FB-1260-46E4-A1C2-0207E4E9D4F3}.Debug|Any CPU.ActiveCfg = Debug|Any CPU
		{16DE53FB-1260-46E4-A1C2-0207E4E9D4F3}.Debug|Any CPU.Build.0 = Debug|Any CPU
		{16DE53FB-1260-46E4-A1C2-0207E4E9D4F3}.Release|Any CPU.ActiveCfg = Release|Any CPU
		{16DE53FB-1260-46E4-A1C2-0207E4E9D4F3}.Release|Any CPU.Build.0 = Release|Any CPU
		{D07715EF-0FE5-4020-8956-9666AA8C9EB4}.Debug|Any CPU.ActiveCfg = Debug|Any CPU
		{D07715EF-0FE5-4020-8956-9666AA8C9EB4}.Debug|Any CPU.Build.0 = Debug|Any CPU
		{D07715EF-0FE5-4020-8956-9666AA8C9EB4}.Release|Any CPU.ActiveCfg = Release|Any CPU
		{D07715EF-0FE5-4020-8956-9666AA8C9EB4}.Release|Any CPU.Build.0 = Release|Any CPU
		{A8432C5C-2668-4D2F-9422-52EC6F48D8D9}.Debug|Any CPU.ActiveCfg = Debug|Any CPU
		{A8432C5C-2668-4D2F-9422-52EC6F48D8D9}.Debug|Any CPU.Build.0 = Debug|Any CPU
		{A8432C5C-2668-4D2F-9422-52EC6F48D8D9}.Release|Any CPU.ActiveCfg = Release|Any CPU
		{A8432C5C-2668-4D2F-9422-52EC6F48D8D9}.Release|Any CPU.Build.0 = Release|Any CPU
		{9B430F23-DD31-4583-904B-9141182BF289}.Debug|Any CPU.ActiveCfg = Debug|Any CPU
		{9B430F23-DD31-4583-904B-9141182BF289}.Debug|Any CPU.Build.0 = Debug|Any CPU
		{9B430F23-DD31-4583-904B-9141182BF289}.Release|Any CPU.ActiveCfg = Release|Any CPU
		{9B430F23-DD31-4583-904B-9141182BF289}.Release|Any CPU.Build.0 = Release|Any CPU
		{CAFC6DA0-4807-4F12-A42B-B4FC01A7E50C}.Debug|Any CPU.ActiveCfg = Debug|Any CPU
		{CAFC6DA0-4807-4F12-A42B-B4FC01A7E50C}.Debug|Any CPU.Build.0 = Debug|Any CPU
		{CAFC6DA0-4807-4F12-A42B-B4FC01A7E50C}.Release|Any CPU.ActiveCfg = Release|Any CPU
		{CAFC6DA0-4807-4F12-A42B-B4FC01A7E50C}.Release|Any CPU.Build.0 = Release|Any CPU
		{662671DD-E7E8-4980-85C4-C376D3F47145}.Debug|Any CPU.ActiveCfg = Debug|Any CPU
		{662671DD-E7E8-4980-85C4-C376D3F47145}.Debug|Any CPU.Build.0 = Debug|Any CPU
		{662671DD-E7E8-4980-85C4-C376D3F47145}.Release|Any CPU.ActiveCfg = Release|Any CPU
		{662671DD-E7E8-4980-85C4-C376D3F47145}.Release|Any CPU.Build.0 = Release|Any CPU
		{FD2E30BC-206F-4624-A577-959E1785AD9C}.Debug|Any CPU.ActiveCfg = Debug|Any CPU
		{FD2E30BC-206F-4624-A577-959E1785AD9C}.Debug|Any CPU.Build.0 = Debug|Any CPU
		{FD2E30BC-206F-4624-A577-959E1785AD9C}.Release|Any CPU.ActiveCfg = Release|Any CPU
		{FD2E30BC-206F-4624-A577-959E1785AD9C}.Release|Any CPU.Build.0 = Release|Any CPU
		{A6FE4EDE-613C-47BC-80CE-BD422D5D9DC5}.Debug|Any CPU.ActiveCfg = Debug|Any CPU
		{A6FE4EDE-613C-47BC-80CE-BD422D5D9DC5}.Debug|Any CPU.Build.0 = Debug|Any CPU
		{A6FE4EDE-613C-47BC-80CE-BD422D5D9DC5}.Release|Any CPU.ActiveCfg = Release|Any CPU
		{A6FE4EDE-613C-47BC-80CE-BD422D5D9DC5}.Release|Any CPU.Build.0 = Release|Any CPU
		{E7FFD44B-9A87-4F02-80B3-37464474A0B5}.Debug|Any CPU.ActiveCfg = Debug|Any CPU
		{E7FFD44B-9A87-4F02-80B3-37464474A0B5}.Debug|Any CPU.Build.0 = Debug|Any CPU
		{E7FFD44B-9A87-4F02-80B3-37464474A0B5}.Release|Any CPU.ActiveCfg = Release|Any CPU
		{E7FFD44B-9A87-4F02-80B3-37464474A0B5}.Release|Any CPU.Build.0 = Release|Any CPU
		{1DF7AFFD-50F5-4E96-97D6-19EFF5D4FB8F}.Debug|Any CPU.ActiveCfg = Debug|Any CPU
		{1DF7AFFD-50F5-4E96-97D6-19EFF5D4FB8F}.Debug|Any CPU.Build.0 = Debug|Any CPU
		{1DF7AFFD-50F5-4E96-97D6-19EFF5D4FB8F}.Release|Any CPU.ActiveCfg = Release|Any CPU
		{1DF7AFFD-50F5-4E96-97D6-19EFF5D4FB8F}.Release|Any CPU.Build.0 = Release|Any CPU
		{7240A1D9-A54D-4B8B-9EA4-49C6234369E6}.Debug|Any CPU.ActiveCfg = Debug|Any CPU
		{7240A1D9-A54D-4B8B-9EA4-49C6234369E6}.Debug|Any CPU.Build.0 = Debug|Any CPU
		{7240A1D9-A54D-4B8B-9EA4-49C6234369E6}.Release|Any CPU.ActiveCfg = Release|Any CPU
		{7240A1D9-A54D-4B8B-9EA4-49C6234369E6}.Release|Any CPU.Build.0 = Release|Any CPU
		{F341604C-13CB-4C74-B534-10C4B1004B91}.Debug|Any CPU.ActiveCfg = Debug|Any CPU
		{F341604C-13CB-4C74-B534-10C4B1004B91}.Debug|Any CPU.Build.0 = Debug|Any CPU
		{F341604C-13CB-4C74-B534-10C4B1004B91}.Release|Any CPU.ActiveCfg = Release|Any CPU
		{F341604C-13CB-4C74-B534-10C4B1004B91}.Release|Any CPU.Build.0 = Release|Any CPU
		{C6CD5740-CDA9-4AB2-9BDD-19F6FBC03D64}.Debug|Any CPU.ActiveCfg = Debug|Any CPU
		{C6CD5740-CDA9-4AB2-9BDD-19F6FBC03D64}.Debug|Any CPU.Build.0 = Debug|Any CPU
		{C6CD5740-CDA9-4AB2-9BDD-19F6FBC03D64}.Release|Any CPU.ActiveCfg = Release|Any CPU
		{C6CD5740-CDA9-4AB2-9BDD-19F6FBC03D64}.Release|Any CPU.Build.0 = Release|Any CPU
		{C3BD9B7F-7027-49A1-BFCB-8A4D69322830}.Debug|Any CPU.ActiveCfg = Debug|Any CPU
		{C3BD9B7F-7027-49A1-BFCB-8A4D69322830}.Debug|Any CPU.Build.0 = Debug|Any CPU
		{C3BD9B7F-7027-49A1-BFCB-8A4D69322830}.Release|Any CPU.ActiveCfg = Release|Any CPU
		{C3BD9B7F-7027-49A1-BFCB-8A4D69322830}.Release|Any CPU.Build.0 = Release|Any CPU
		{B1984FFD-0AF6-41F2-A0F2-01CD9D915F04}.Debug|Any CPU.ActiveCfg = Debug|Any CPU
		{B1984FFD-0AF6-41F2-A0F2-01CD9D915F04}.Debug|Any CPU.Build.0 = Debug|Any CPU
		{B1984FFD-0AF6-41F2-A0F2-01CD9D915F04}.Release|Any CPU.ActiveCfg = Release|Any CPU
		{B1984FFD-0AF6-41F2-A0F2-01CD9D915F04}.Release|Any CPU.Build.0 = Release|Any CPU
		{40F3E4C6-05FF-4D32-A34B-E03C14772572}.Debug|Any CPU.ActiveCfg = Debug|Any CPU
		{40F3E4C6-05FF-4D32-A34B-E03C14772572}.Debug|Any CPU.Build.0 = Debug|Any CPU
		{40F3E4C6-05FF-4D32-A34B-E03C14772572}.Release|Any CPU.ActiveCfg = Release|Any CPU
		{40F3E4C6-05FF-4D32-A34B-E03C14772572}.Release|Any CPU.Build.0 = Release|Any CPU
		{E7680EAA-4232-4A5E-B58A-3F11588C4ED0}.Debug|Any CPU.ActiveCfg = Debug|Any CPU
		{E7680EAA-4232-4A5E-B58A-3F11588C4ED0}.Debug|Any CPU.Build.0 = Debug|Any CPU
		{E7680EAA-4232-4A5E-B58A-3F11588C4ED0}.Release|Any CPU.ActiveCfg = Release|Any CPU
		{E7680EAA-4232-4A5E-B58A-3F11588C4ED0}.Release|Any CPU.Build.0 = Release|Any CPU
		{2296E594-77FB-4A73-8A8C-9ECF3AF97D02}.Debug|Any CPU.ActiveCfg = Debug|Any CPU
		{2296E594-77FB-4A73-8A8C-9ECF3AF97D02}.Debug|Any CPU.Build.0 = Debug|Any CPU
		{2296E594-77FB-4A73-8A8C-9ECF3AF97D02}.Release|Any CPU.ActiveCfg = Release|Any CPU
		{2296E594-77FB-4A73-8A8C-9ECF3AF97D02}.Release|Any CPU.Build.0 = Release|Any CPU
		{58026148-33EE-4F10-8742-177A263E3A8F}.Debug|Any CPU.ActiveCfg = Debug|Any CPU
		{58026148-33EE-4F10-8742-177A263E3A8F}.Debug|Any CPU.Build.0 = Debug|Any CPU
		{58026148-33EE-4F10-8742-177A263E3A8F}.Release|Any CPU.ActiveCfg = Release|Any CPU
		{58026148-33EE-4F10-8742-177A263E3A8F}.Release|Any CPU.Build.0 = Release|Any CPU
		{E4106AC2-7E1A-4DA6-008F-DDDFCBFB206D}.Debug|Any CPU.ActiveCfg = Debug|Any CPU
		{E4106AC2-7E1A-4DA6-008F-DDDFCBFB206D}.Debug|Any CPU.Build.0 = Debug|Any CPU
		{E4106AC2-7E1A-4DA6-008F-DDDFCBFB206D}.Release|Any CPU.ActiveCfg = Release|Any CPU
		{E4106AC2-7E1A-4DA6-008F-DDDFCBFB206D}.Release|Any CPU.Build.0 = Release|Any CPU
		{AD0186E9-CAE3-58A1-0CF3-6C92F9B12DE5}.Debug|Any CPU.ActiveCfg = Debug|Any CPU
		{AD0186E9-CAE3-58A1-0CF3-6C92F9B12DE5}.Debug|Any CPU.Build.0 = Debug|Any CPU
		{AD0186E9-CAE3-58A1-0CF3-6C92F9B12DE5}.Release|Any CPU.ActiveCfg = Release|Any CPU
		{AD0186E9-CAE3-58A1-0CF3-6C92F9B12DE5}.Release|Any CPU.Build.0 = Release|Any CPU
		{CFE5E955-21BF-E72B-AD09-4B379A2347F4}.Debug|Any CPU.ActiveCfg = Debug|Any CPU
		{CFE5E955-21BF-E72B-AD09-4B379A2347F4}.Debug|Any CPU.Build.0 = Debug|Any CPU
		{CFE5E955-21BF-E72B-AD09-4B379A2347F4}.Release|Any CPU.ActiveCfg = Release|Any CPU
		{CFE5E955-21BF-E72B-AD09-4B379A2347F4}.Release|Any CPU.Build.0 = Release|Any CPU
		{AC857480-2E9F-95A2-52C0-95B19E7E390C}.Debug|Any CPU.ActiveCfg = Debug|Any CPU
		{AC857480-2E9F-95A2-52C0-95B19E7E390C}.Debug|Any CPU.Build.0 = Debug|Any CPU
		{AC857480-2E9F-95A2-52C0-95B19E7E390C}.Release|Any CPU.ActiveCfg = Release|Any CPU
		{AC857480-2E9F-95A2-52C0-95B19E7E390C}.Release|Any CPU.Build.0 = Release|Any CPU
		{B00F7304-24BC-62E2-4369-758202CF53AC}.Debug|Any CPU.ActiveCfg = Debug|Any CPU
		{B00F7304-24BC-62E2-4369-758202CF53AC}.Debug|Any CPU.Build.0 = Debug|Any CPU
		{B00F7304-24BC-62E2-4369-758202CF53AC}.Release|Any CPU.ActiveCfg = Release|Any CPU
		{B00F7304-24BC-62E2-4369-758202CF53AC}.Release|Any CPU.Build.0 = Release|Any CPU
		{A18EC0A6-DDEF-9FDA-75B3-DE2478C36D25}.Debug|Any CPU.ActiveCfg = Debug|Any CPU
		{A18EC0A6-DDEF-9FDA-75B3-DE2478C36D25}.Debug|Any CPU.Build.0 = Debug|Any CPU
		{A18EC0A6-DDEF-9FDA-75B3-DE2478C36D25}.Release|Any CPU.ActiveCfg = Release|Any CPU
		{A18EC0A6-DDEF-9FDA-75B3-DE2478C36D25}.Release|Any CPU.Build.0 = Release|Any CPU
		{5B55331D-4E64-1C32-F552-3F8AD5C2CF58}.Debug|Any CPU.ActiveCfg = Debug|Any CPU
		{5B55331D-4E64-1C32-F552-3F8AD5C2CF58}.Debug|Any CPU.Build.0 = Debug|Any CPU
		{5B55331D-4E64-1C32-F552-3F8AD5C2CF58}.Release|Any CPU.ActiveCfg = Release|Any CPU
		{5B55331D-4E64-1C32-F552-3F8AD5C2CF58}.Release|Any CPU.Build.0 = Release|Any CPU
		{7ACAAE25-F520-5144-9C8B-1F837AAD9618}.Debug|Any CPU.ActiveCfg = Debug|Any CPU
		{7ACAAE25-F520-5144-9C8B-1F837AAD9618}.Debug|Any CPU.Build.0 = Debug|Any CPU
		{7ACAAE25-F520-5144-9C8B-1F837AAD9618}.Release|Any CPU.ActiveCfg = Release|Any CPU
		{7ACAAE25-F520-5144-9C8B-1F837AAD9618}.Release|Any CPU.Build.0 = Release|Any CPU
		{683545F1-A23A-2710-6363-A8C18CFFB16F}.Debug|Any CPU.ActiveCfg = Debug|Any CPU
		{683545F1-A23A-2710-6363-A8C18CFFB16F}.Debug|Any CPU.Build.0 = Debug|Any CPU
		{683545F1-A23A-2710-6363-A8C18CFFB16F}.Release|Any CPU.ActiveCfg = Release|Any CPU
		{683545F1-A23A-2710-6363-A8C18CFFB16F}.Release|Any CPU.Build.0 = Release|Any CPU
		{E16BE09F-F7B4-5BBA-DF63-C45AF045059A}.Debug|Any CPU.ActiveCfg = Debug|Any CPU
		{E16BE09F-F7B4-5BBA-DF63-C45AF045059A}.Debug|Any CPU.Build.0 = Debug|Any CPU
		{E16BE09F-F7B4-5BBA-DF63-C45AF045059A}.Release|Any CPU.ActiveCfg = Release|Any CPU
		{E16BE09F-F7B4-5BBA-DF63-C45AF045059A}.Release|Any CPU.Build.0 = Release|Any CPU
		{FB0BBCB0-CF98-AF0F-0ADA-C953EBE75E1A}.Debug|Any CPU.ActiveCfg = Debug|Any CPU
		{FB0BBCB0-CF98-AF0F-0ADA-C953EBE75E1A}.Debug|Any CPU.Build.0 = Debug|Any CPU
		{FB0BBCB0-CF98-AF0F-0ADA-C953EBE75E1A}.Release|Any CPU.ActiveCfg = Release|Any CPU
		{FB0BBCB0-CF98-AF0F-0ADA-C953EBE75E1A}.Release|Any CPU.Build.0 = Release|Any CPU
		{A3C33CCA-6CF9-0DB1-7778-A969C1970F82}.Debug|Any CPU.ActiveCfg = Debug|Any CPU
		{A3C33CCA-6CF9-0DB1-7778-A969C1970F82}.Debug|Any CPU.Build.0 = Debug|Any CPU
		{A3C33CCA-6CF9-0DB1-7778-A969C1970F82}.Release|Any CPU.ActiveCfg = Release|Any CPU
		{A3C33CCA-6CF9-0DB1-7778-A969C1970F82}.Release|Any CPU.Build.0 = Release|Any CPU
		{F9D6AE90-3CC7-405B-A1FA-FB8A94CBA73C}.Debug|Any CPU.ActiveCfg = Debug|Any CPU
		{F9D6AE90-3CC7-405B-A1FA-FB8A94CBA73C}.Debug|Any CPU.Build.0 = Debug|Any CPU
		{F9D6AE90-3CC7-405B-A1FA-FB8A94CBA73C}.Release|Any CPU.ActiveCfg = Release|Any CPU
		{F9D6AE90-3CC7-405B-A1FA-FB8A94CBA73C}.Release|Any CPU.Build.0 = Release|Any CPU
		{BE17ABF1-540B-6508-EA53-34C7F962AB58}.Debug|Any CPU.ActiveCfg = Debug|Any CPU
		{BE17ABF1-540B-6508-EA53-34C7F962AB58}.Debug|Any CPU.Build.0 = Debug|Any CPU
		{BE17ABF1-540B-6508-EA53-34C7F962AB58}.Release|Any CPU.ActiveCfg = Release|Any CPU
		{BE17ABF1-540B-6508-EA53-34C7F962AB58}.Release|Any CPU.Build.0 = Release|Any CPU
		{079B5FD4-C7F6-4E6F-3713-D4139C981180}.Debug|Any CPU.ActiveCfg = Debug|Any CPU
		{079B5FD4-C7F6-4E6F-3713-D4139C981180}.Debug|Any CPU.Build.0 = Debug|Any CPU
		{079B5FD4-C7F6-4E6F-3713-D4139C981180}.Release|Any CPU.ActiveCfg = Release|Any CPU
		{079B5FD4-C7F6-4E6F-3713-D4139C981180}.Release|Any CPU.Build.0 = Release|Any CPU
		{127F88BA-BBA3-1463-02C0-387C9715F6D7}.Debug|Any CPU.ActiveCfg = Debug|Any CPU
		{127F88BA-BBA3-1463-02C0-387C9715F6D7}.Debug|Any CPU.Build.0 = Debug|Any CPU
		{127F88BA-BBA3-1463-02C0-387C9715F6D7}.Release|Any CPU.ActiveCfg = Release|Any CPU
		{127F88BA-BBA3-1463-02C0-387C9715F6D7}.Release|Any CPU.Build.0 = Release|Any CPU
		{253A3680-B249-5495-5C89-78144B8F9E70}.Debug|Any CPU.ActiveCfg = Debug|Any CPU
		{253A3680-B249-5495-5C89-78144B8F9E70}.Debug|Any CPU.Build.0 = Debug|Any CPU
		{253A3680-B249-5495-5C89-78144B8F9E70}.Release|Any CPU.ActiveCfg = Release|Any CPU
		{253A3680-B249-5495-5C89-78144B8F9E70}.Release|Any CPU.Build.0 = Release|Any CPU
		{D94DEFB0-0BA2-28A0-867F-6C9A0A6FBF88}.Debug|Any CPU.ActiveCfg = Debug|Any CPU
		{D94DEFB0-0BA2-28A0-867F-6C9A0A6FBF88}.Debug|Any CPU.Build.0 = Debug|Any CPU
		{D94DEFB0-0BA2-28A0-867F-6C9A0A6FBF88}.Release|Any CPU.ActiveCfg = Release|Any CPU
		{D94DEFB0-0BA2-28A0-867F-6C9A0A6FBF88}.Release|Any CPU.Build.0 = Release|Any CPU
		{4094BE1F-2489-255F-DCE2-43EF5174FBCE}.Debug|Any CPU.ActiveCfg = Debug|Any CPU
		{4094BE1F-2489-255F-DCE2-43EF5174FBCE}.Debug|Any CPU.Build.0 = Debug|Any CPU
		{4094BE1F-2489-255F-DCE2-43EF5174FBCE}.Release|Any CPU.ActiveCfg = Release|Any CPU
		{4094BE1F-2489-255F-DCE2-43EF5174FBCE}.Release|Any CPU.Build.0 = Release|Any CPU
		{B3C34548-BC8B-FA9A-318C-EFCB8C5FB7CA}.Debug|Any CPU.ActiveCfg = Debug|Any CPU
		{B3C34548-BC8B-FA9A-318C-EFCB8C5FB7CA}.Debug|Any CPU.Build.0 = Debug|Any CPU
		{B3C34548-BC8B-FA9A-318C-EFCB8C5FB7CA}.Release|Any CPU.ActiveCfg = Release|Any CPU
		{B3C34548-BC8B-FA9A-318C-EFCB8C5FB7CA}.Release|Any CPU.Build.0 = Release|Any CPU
		{67E0EA71-75F2-46FC-B3A6-2B6E54A1DC45}.Debug|Any CPU.ActiveCfg = Debug|Any CPU
		{67E0EA71-75F2-46FC-B3A6-2B6E54A1DC45}.Debug|Any CPU.Build.0 = Debug|Any CPU
		{67E0EA71-75F2-46FC-B3A6-2B6E54A1DC45}.Release|Any CPU.ActiveCfg = Release|Any CPU
		{67E0EA71-75F2-46FC-B3A6-2B6E54A1DC45}.Release|Any CPU.Build.0 = Release|Any CPU
		{47437E38-2E00-451F-95CF-104010CFEF10}.Debug|Any CPU.ActiveCfg = Debug|Any CPU
		{47437E38-2E00-451F-95CF-104010CFEF10}.Debug|Any CPU.Build.0 = Debug|Any CPU
		{47437E38-2E00-451F-95CF-104010CFEF10}.Release|Any CPU.ActiveCfg = Release|Any CPU
		{47437E38-2E00-451F-95CF-104010CFEF10}.Release|Any CPU.Build.0 = Release|Any CPU
		{F365C303-8853-8BEE-7332-B58E8A8775A5}.Debug|Any CPU.ActiveCfg = Debug|Any CPU
		{F365C303-8853-8BEE-7332-B58E8A8775A5}.Debug|Any CPU.Build.0 = Debug|Any CPU
		{F365C303-8853-8BEE-7332-B58E8A8775A5}.Release|Any CPU.ActiveCfg = Release|Any CPU
		{F365C303-8853-8BEE-7332-B58E8A8775A5}.Release|Any CPU.Build.0 = Release|Any CPU
		{13409D71-B207-58D7-603A-2152FF3FFECA}.Debug|Any CPU.ActiveCfg = Debug|Any CPU
		{13409D71-B207-58D7-603A-2152FF3FFECA}.Debug|Any CPU.Build.0 = Debug|Any CPU
		{13409D71-B207-58D7-603A-2152FF3FFECA}.Release|Any CPU.ActiveCfg = Release|Any CPU
		{13409D71-B207-58D7-603A-2152FF3FFECA}.Release|Any CPU.Build.0 = Release|Any CPU
		{DF941D07-E03D-4835-896C-875E18A55ECF}.Debug|Any CPU.ActiveCfg = Debug|Any CPU
		{DF941D07-E03D-4835-896C-875E18A55ECF}.Debug|Any CPU.Build.0 = Debug|Any CPU
		{DF941D07-E03D-4835-896C-875E18A55ECF}.Release|Any CPU.ActiveCfg = Release|Any CPU
		{DF941D07-E03D-4835-896C-875E18A55ECF}.Release|Any CPU.Build.0 = Release|Any CPU
		{B0D93EB0-129C-40C5-B2D6-A8CA8E847259}.Debug|Any CPU.ActiveCfg = Debug|Any CPU
		{B0D93EB0-129C-40C5-B2D6-A8CA8E847259}.Debug|Any CPU.Build.0 = Debug|Any CPU
		{B0D93EB0-129C-40C5-B2D6-A8CA8E847259}.Release|Any CPU.ActiveCfg = Release|Any CPU
		{B0D93EB0-129C-40C5-B2D6-A8CA8E847259}.Release|Any CPU.Build.0 = Release|Any CPU
		{561A6C28-5C12-40CD-B421-6072A473E2F6}.Debug|Any CPU.ActiveCfg = Debug|Any CPU
		{561A6C28-5C12-40CD-B421-6072A473E2F6}.Debug|Any CPU.Build.0 = Debug|Any CPU
		{561A6C28-5C12-40CD-B421-6072A473E2F6}.Release|Any CPU.ActiveCfg = Release|Any CPU
		{561A6C28-5C12-40CD-B421-6072A473E2F6}.Release|Any CPU.Build.0 = Release|Any CPU
		{1C02D57F-79CB-17EE-9490-E427B702DCCA}.Debug|Any CPU.ActiveCfg = Debug|Any CPU
		{1C02D57F-79CB-17EE-9490-E427B702DCCA}.Debug|Any CPU.Build.0 = Debug|Any CPU
		{1C02D57F-79CB-17EE-9490-E427B702DCCA}.Release|Any CPU.ActiveCfg = Release|Any CPU
		{1C02D57F-79CB-17EE-9490-E427B702DCCA}.Release|Any CPU.Build.0 = Release|Any CPU
		{13C82364-B5B3-415A-A5B9-F4CA7D38CFB2}.Debug|Any CPU.ActiveCfg = Debug|Any CPU
		{13C82364-B5B3-415A-A5B9-F4CA7D38CFB2}.Debug|Any CPU.Build.0 = Debug|Any CPU
		{13C82364-B5B3-415A-A5B9-F4CA7D38CFB2}.Release|Any CPU.ActiveCfg = Release|Any CPU
		{13C82364-B5B3-415A-A5B9-F4CA7D38CFB2}.Release|Any CPU.Build.0 = Release|Any CPU
		{8714CBD0-C79F-456D-B888-09D192E0F5EF}.Debug|Any CPU.ActiveCfg = Debug|Any CPU
		{8714CBD0-C79F-456D-B888-09D192E0F5EF}.Debug|Any CPU.Build.0 = Debug|Any CPU
		{8714CBD0-C79F-456D-B888-09D192E0F5EF}.Release|Any CPU.ActiveCfg = Release|Any CPU
		{8714CBD0-C79F-456D-B888-09D192E0F5EF}.Release|Any CPU.Build.0 = Release|Any CPU
		{C81B476A-5967-4C58-B455-873ABCCFC337}.Debug|Any CPU.ActiveCfg = Debug|Any CPU
		{C81B476A-5967-4C58-B455-873ABCCFC337}.Debug|Any CPU.Build.0 = Debug|Any CPU
		{C81B476A-5967-4C58-B455-873ABCCFC337}.Release|Any CPU.ActiveCfg = Release|Any CPU
		{C81B476A-5967-4C58-B455-873ABCCFC337}.Release|Any CPU.Build.0 = Release|Any CPU
		{965DE189-37EF-418B-94AC-25FB8B09A02E}.Debug|Any CPU.ActiveCfg = Debug|Any CPU
		{965DE189-37EF-418B-94AC-25FB8B09A02E}.Debug|Any CPU.Build.0 = Debug|Any CPU
		{965DE189-37EF-418B-94AC-25FB8B09A02E}.Release|Any CPU.ActiveCfg = Release|Any CPU
		{965DE189-37EF-418B-94AC-25FB8B09A02E}.Release|Any CPU.Build.0 = Release|Any CPU
		{A2EC1FA1-6B93-4C5F-B23C-55F069B433FE}.Debug|Any CPU.ActiveCfg = Debug|Any CPU
		{A2EC1FA1-6B93-4C5F-B23C-55F069B433FE}.Debug|Any CPU.Build.0 = Debug|Any CPU
		{A2EC1FA1-6B93-4C5F-B23C-55F069B433FE}.Release|Any CPU.ActiveCfg = Release|Any CPU
		{A2EC1FA1-6B93-4C5F-B23C-55F069B433FE}.Release|Any CPU.Build.0 = Release|Any CPU
		{406B8331-52BA-4F5C-8122-F7FEBA789ED1}.Debug|Any CPU.ActiveCfg = Debug|Any CPU
		{406B8331-52BA-4F5C-8122-F7FEBA789ED1}.Debug|Any CPU.Build.0 = Debug|Any CPU
		{406B8331-52BA-4F5C-8122-F7FEBA789ED1}.Release|Any CPU.ActiveCfg = Release|Any CPU
		{406B8331-52BA-4F5C-8122-F7FEBA789ED1}.Release|Any CPU.Build.0 = Release|Any CPU
		{3E24689B-EB88-40E8-B831-E6E27205D658}.Debug|Any CPU.ActiveCfg = Debug|Any CPU
		{3E24689B-EB88-40E8-B831-E6E27205D658}.Debug|Any CPU.Build.0 = Debug|Any CPU
		{3E24689B-EB88-40E8-B831-E6E27205D658}.Release|Any CPU.ActiveCfg = Release|Any CPU
		{3E24689B-EB88-40E8-B831-E6E27205D658}.Release|Any CPU.Build.0 = Release|Any CPU
		{2BDB8194-AB0E-4295-A813-C2924AE750F7}.Debug|Any CPU.ActiveCfg = Debug|Any CPU
		{2BDB8194-AB0E-4295-A813-C2924AE750F7}.Debug|Any CPU.Build.0 = Debug|Any CPU
		{2BDB8194-AB0E-4295-A813-C2924AE750F7}.Release|Any CPU.ActiveCfg = Release|Any CPU
		{2BDB8194-AB0E-4295-A813-C2924AE750F7}.Release|Any CPU.Build.0 = Release|Any CPU
		{BB108652-4912-4C59-823B-16371735CA32}.Debug|Any CPU.ActiveCfg = Debug|Any CPU
		{BB108652-4912-4C59-823B-16371735CA32}.Debug|Any CPU.Build.0 = Debug|Any CPU
		{BB108652-4912-4C59-823B-16371735CA32}.Release|Any CPU.ActiveCfg = Release|Any CPU
		{BB108652-4912-4C59-823B-16371735CA32}.Release|Any CPU.Build.0 = Release|Any CPU
		{6AFEA77A-27E1-18E9-F273-92F647B87660}.Debug|Any CPU.ActiveCfg = Debug|Any CPU
		{6AFEA77A-27E1-18E9-F273-92F647B87660}.Debug|Any CPU.Build.0 = Debug|Any CPU
		{6AFEA77A-27E1-18E9-F273-92F647B87660}.Release|Any CPU.ActiveCfg = Release|Any CPU
		{6AFEA77A-27E1-18E9-F273-92F647B87660}.Release|Any CPU.Build.0 = Release|Any CPU
		{72C07BB6-E0F1-4F2E-BCD2-39916C3C9726}.Debug|Any CPU.ActiveCfg = Debug|Any CPU
		{72C07BB6-E0F1-4F2E-BCD2-39916C3C9726}.Debug|Any CPU.Build.0 = Debug|Any CPU
		{72C07BB6-E0F1-4F2E-BCD2-39916C3C9726}.Release|Any CPU.ActiveCfg = Release|Any CPU
		{72C07BB6-E0F1-4F2E-BCD2-39916C3C9726}.Release|Any CPU.Build.0 = Release|Any CPU
		{D48259FD-A13D-4F96-869E-A03FDEB133FE}.Debug|Any CPU.ActiveCfg = Debug|Any CPU
		{D48259FD-A13D-4F96-869E-A03FDEB133FE}.Debug|Any CPU.Build.0 = Debug|Any CPU
		{D48259FD-A13D-4F96-869E-A03FDEB133FE}.Release|Any CPU.ActiveCfg = Release|Any CPU
		{D48259FD-A13D-4F96-869E-A03FDEB133FE}.Release|Any CPU.Build.0 = Release|Any CPU
		{0F5CC994-37D7-42DB-9A1D-08F94A8DD888}.Debug|Any CPU.ActiveCfg = Debug|Any CPU
		{0F5CC994-37D7-42DB-9A1D-08F94A8DD888}.Debug|Any CPU.Build.0 = Debug|Any CPU
		{0F5CC994-37D7-42DB-9A1D-08F94A8DD888}.Release|Any CPU.ActiveCfg = Release|Any CPU
		{0F5CC994-37D7-42DB-9A1D-08F94A8DD888}.Release|Any CPU.Build.0 = Release|Any CPU
		{D9C991F4-7B99-48E8-B9E9-0BB15F6B12E3}.Debug|Any CPU.ActiveCfg = Debug|Any CPU
		{D9C991F4-7B99-48E8-B9E9-0BB15F6B12E3}.Debug|Any CPU.Build.0 = Debug|Any CPU
		{D9C991F4-7B99-48E8-B9E9-0BB15F6B12E3}.Release|Any CPU.ActiveCfg = Release|Any CPU
		{D9C991F4-7B99-48E8-B9E9-0BB15F6B12E3}.Release|Any CPU.Build.0 = Release|Any CPU
		{5B97FEE6-1680-4E4C-A6DB-BD368FF7F3D5}.Debug|Any CPU.ActiveCfg = Debug|Any CPU
		{5B97FEE6-1680-4E4C-A6DB-BD368FF7F3D5}.Debug|Any CPU.Build.0 = Debug|Any CPU
		{5B97FEE6-1680-4E4C-A6DB-BD368FF7F3D5}.Release|Any CPU.ActiveCfg = Release|Any CPU
		{5B97FEE6-1680-4E4C-A6DB-BD368FF7F3D5}.Release|Any CPU.Build.0 = Release|Any CPU
		{01D221AE-54F3-4914-873F-13A0DFCE3AFD}.Debug|Any CPU.ActiveCfg = Debug|Any CPU
		{01D221AE-54F3-4914-873F-13A0DFCE3AFD}.Debug|Any CPU.Build.0 = Debug|Any CPU
		{01D221AE-54F3-4914-873F-13A0DFCE3AFD}.Release|Any CPU.ActiveCfg = Release|Any CPU
		{01D221AE-54F3-4914-873F-13A0DFCE3AFD}.Release|Any CPU.Build.0 = Release|Any CPU
		{C90362DB-2CA3-4FC3-9455-CB91E8DEC49E}.Debug|Any CPU.ActiveCfg = Debug|Any CPU
		{C90362DB-2CA3-4FC3-9455-CB91E8DEC49E}.Debug|Any CPU.Build.0 = Debug|Any CPU
		{C90362DB-2CA3-4FC3-9455-CB91E8DEC49E}.Release|Any CPU.ActiveCfg = Release|Any CPU
		{C90362DB-2CA3-4FC3-9455-CB91E8DEC49E}.Release|Any CPU.Build.0 = Release|Any CPU
		{D9CE3F1A-CB42-48B6-8EF0-B295E930C7FD}.Debug|Any CPU.ActiveCfg = Debug|Any CPU
		{D9CE3F1A-CB42-48B6-8EF0-B295E930C7FD}.Debug|Any CPU.Build.0 = Debug|Any CPU
		{D9CE3F1A-CB42-48B6-8EF0-B295E930C7FD}.Release|Any CPU.ActiveCfg = Release|Any CPU
		{D9CE3F1A-CB42-48B6-8EF0-B295E930C7FD}.Release|Any CPU.Build.0 = Release|Any CPU
		{B9EF908C-61CA-4346-897B-63DDA54251B1}.Debug|Any CPU.ActiveCfg = Debug|Any CPU
		{B9EF908C-61CA-4346-897B-63DDA54251B1}.Debug|Any CPU.Build.0 = Debug|Any CPU
		{B9EF908C-61CA-4346-897B-63DDA54251B1}.Release|Any CPU.ActiveCfg = Release|Any CPU
		{B9EF908C-61CA-4346-897B-63DDA54251B1}.Release|Any CPU.Build.0 = Release|Any CPU
		{B8428211-7DF0-45EA-9145-D530CD1273E0}.Debug|Any CPU.ActiveCfg = Debug|Any CPU
		{B8428211-7DF0-45EA-9145-D530CD1273E0}.Debug|Any CPU.Build.0 = Debug|Any CPU
		{B8428211-7DF0-45EA-9145-D530CD1273E0}.Release|Any CPU.ActiveCfg = Release|Any CPU
		{B8428211-7DF0-45EA-9145-D530CD1273E0}.Release|Any CPU.Build.0 = Release|Any CPU
		{868B3C19-B2FF-456C-8A4A-AA96187B70CE}.Debug|Any CPU.ActiveCfg = Debug|Any CPU
		{868B3C19-B2FF-456C-8A4A-AA96187B70CE}.Debug|Any CPU.Build.0 = Debug|Any CPU
		{868B3C19-B2FF-456C-8A4A-AA96187B70CE}.Release|Any CPU.ActiveCfg = Release|Any CPU
		{868B3C19-B2FF-456C-8A4A-AA96187B70CE}.Release|Any CPU.Build.0 = Release|Any CPU
		{9286D1A2-BD37-4D64-BAEC-3FDEDD3E5ED1}.Debug|Any CPU.ActiveCfg = Debug|Any CPU
		{9286D1A2-BD37-4D64-BAEC-3FDEDD3E5ED1}.Debug|Any CPU.Build.0 = Debug|Any CPU
		{9286D1A2-BD37-4D64-BAEC-3FDEDD3E5ED1}.Release|Any CPU.ActiveCfg = Release|Any CPU
		{9286D1A2-BD37-4D64-BAEC-3FDEDD3E5ED1}.Release|Any CPU.Build.0 = Release|Any CPU
		{30EDE387-6DB2-4378-9F63-952C91C191DE}.Debug|Any CPU.ActiveCfg = Debug|Any CPU
		{30EDE387-6DB2-4378-9F63-952C91C191DE}.Debug|Any CPU.Build.0 = Debug|Any CPU
		{30EDE387-6DB2-4378-9F63-952C91C191DE}.Release|Any CPU.ActiveCfg = Release|Any CPU
		{30EDE387-6DB2-4378-9F63-952C91C191DE}.Release|Any CPU.Build.0 = Release|Any CPU
		{99DA3B4E-FADC-4049-9D8C-832B5D57012C}.Debug|Any CPU.ActiveCfg = Debug|Any CPU
		{99DA3B4E-FADC-4049-9D8C-832B5D57012C}.Debug|Any CPU.Build.0 = Debug|Any CPU
		{99DA3B4E-FADC-4049-9D8C-832B5D57012C}.Release|Any CPU.ActiveCfg = Release|Any CPU
		{99DA3B4E-FADC-4049-9D8C-832B5D57012C}.Release|Any CPU.Build.0 = Release|Any CPU
		{D32D4BF0-0728-4F4A-9CD2-7F96EE7D5AAF}.Debug|Any CPU.ActiveCfg = Debug|Any CPU
		{D32D4BF0-0728-4F4A-9CD2-7F96EE7D5AAF}.Debug|Any CPU.Build.0 = Debug|Any CPU
		{D32D4BF0-0728-4F4A-9CD2-7F96EE7D5AAF}.Release|Any CPU.ActiveCfg = Release|Any CPU
		{D32D4BF0-0728-4F4A-9CD2-7F96EE7D5AAF}.Release|Any CPU.Build.0 = Release|Any CPU
		{DCBEBCA3-D0CA-430C-9244-96BCDC88C3AC}.Debug|Any CPU.ActiveCfg = Debug|Any CPU
		{DCBEBCA3-D0CA-430C-9244-96BCDC88C3AC}.Debug|Any CPU.Build.0 = Debug|Any CPU
		{DCBEBCA3-D0CA-430C-9244-96BCDC88C3AC}.Release|Any CPU.ActiveCfg = Release|Any CPU
		{DCBEBCA3-D0CA-430C-9244-96BCDC88C3AC}.Release|Any CPU.Build.0 = Release|Any CPU
		{96579670-CB8C-49C5-B675-BA8DDEFF08AA}.Debug|Any CPU.ActiveCfg = Debug|Any CPU
		{96579670-CB8C-49C5-B675-BA8DDEFF08AA}.Debug|Any CPU.Build.0 = Debug|Any CPU
		{96579670-CB8C-49C5-B675-BA8DDEFF08AA}.Release|Any CPU.ActiveCfg = Release|Any CPU
		{96579670-CB8C-49C5-B675-BA8DDEFF08AA}.Release|Any CPU.Build.0 = Release|Any CPU
		{F100CF67-AA29-4E73-9282-619F35892A2F}.Debug|Any CPU.ActiveCfg = Debug|Any CPU
		{F100CF67-AA29-4E73-9282-619F35892A2F}.Debug|Any CPU.Build.0 = Debug|Any CPU
		{F100CF67-AA29-4E73-9282-619F35892A2F}.Release|Any CPU.ActiveCfg = Release|Any CPU
		{F100CF67-AA29-4E73-9282-619F35892A2F}.Release|Any CPU.Build.0 = Release|Any CPU
		{6A7A0C4F-AF41-475C-9917-A5E477BA75B8}.Debug|Any CPU.ActiveCfg = Debug|Any CPU
		{6A7A0C4F-AF41-475C-9917-A5E477BA75B8}.Debug|Any CPU.Build.0 = Debug|Any CPU
		{6A7A0C4F-AF41-475C-9917-A5E477BA75B8}.Release|Any CPU.ActiveCfg = Release|Any CPU
		{6A7A0C4F-AF41-475C-9917-A5E477BA75B8}.Release|Any CPU.Build.0 = Release|Any CPU
		{87F4F1A3-97CB-4C23-978A-9B308784B22F}.Debug|Any CPU.ActiveCfg = Debug|Any CPU
		{87F4F1A3-97CB-4C23-978A-9B308784B22F}.Debug|Any CPU.Build.0 = Debug|Any CPU
		{87F4F1A3-97CB-4C23-978A-9B308784B22F}.Release|Any CPU.ActiveCfg = Release|Any CPU
		{87F4F1A3-97CB-4C23-978A-9B308784B22F}.Release|Any CPU.Build.0 = Release|Any CPU
		{8D16E631-5698-47EE-8C73-2AF67CBE2AFA}.Debug|Any CPU.ActiveCfg = Debug|Any CPU
		{8D16E631-5698-47EE-8C73-2AF67CBE2AFA}.Debug|Any CPU.Build.0 = Debug|Any CPU
		{8D16E631-5698-47EE-8C73-2AF67CBE2AFA}.Release|Any CPU.ActiveCfg = Release|Any CPU
		{8D16E631-5698-47EE-8C73-2AF67CBE2AFA}.Release|Any CPU.Build.0 = Release|Any CPU
		{C8589747-D650-4581-A2B7-5A6FBCE2B423}.Debug|Any CPU.ActiveCfg = Debug|Any CPU
		{C8589747-D650-4581-A2B7-5A6FBCE2B423}.Debug|Any CPU.Build.0 = Debug|Any CPU
		{C8589747-D650-4581-A2B7-5A6FBCE2B423}.Release|Any CPU.ActiveCfg = Release|Any CPU
		{C8589747-D650-4581-A2B7-5A6FBCE2B423}.Release|Any CPU.Build.0 = Release|Any CPU
		{DCF28942-9A94-46EB-83CB-C09E3693501E}.Debug|Any CPU.ActiveCfg = Debug|Any CPU
		{DCF28942-9A94-46EB-83CB-C09E3693501E}.Debug|Any CPU.Build.0 = Debug|Any CPU
		{DCF28942-9A94-46EB-83CB-C09E3693501E}.Release|Any CPU.ActiveCfg = Release|Any CPU
		{DCF28942-9A94-46EB-83CB-C09E3693501E}.Release|Any CPU.Build.0 = Release|Any CPU
		{DD90C886-A22D-4739-8ADE-4D3F84B1971B}.Debug|Any CPU.ActiveCfg = Debug|Any CPU
		{DD90C886-A22D-4739-8ADE-4D3F84B1971B}.Debug|Any CPU.Build.0 = Debug|Any CPU
		{DD90C886-A22D-4739-8ADE-4D3F84B1971B}.Release|Any CPU.ActiveCfg = Release|Any CPU
		{DD90C886-A22D-4739-8ADE-4D3F84B1971B}.Release|Any CPU.Build.0 = Release|Any CPU
		{780515CE-63FE-4800-AFA6-58DA82439692}.Debug|Any CPU.ActiveCfg = Debug|Any CPU
		{780515CE-63FE-4800-AFA6-58DA82439692}.Debug|Any CPU.Build.0 = Debug|Any CPU
		{780515CE-63FE-4800-AFA6-58DA82439692}.Release|Any CPU.ActiveCfg = Release|Any CPU
		{780515CE-63FE-4800-AFA6-58DA82439692}.Release|Any CPU.Build.0 = Release|Any CPU
		{7BA7BB71-5C85-4991-9D25-3502E5B888B4}.Debug|Any CPU.ActiveCfg = Debug|Any CPU
		{7BA7BB71-5C85-4991-9D25-3502E5B888B4}.Debug|Any CPU.Build.0 = Debug|Any CPU
		{7BA7BB71-5C85-4991-9D25-3502E5B888B4}.Release|Any CPU.ActiveCfg = Release|Any CPU
		{7BA7BB71-5C85-4991-9D25-3502E5B888B4}.Release|Any CPU.Build.0 = Release|Any CPU
		{F5B86350-17E2-4E0C-BA34-7C94F0904934}.Debug|Any CPU.ActiveCfg = Debug|Any CPU
		{F5B86350-17E2-4E0C-BA34-7C94F0904934}.Debug|Any CPU.Build.0 = Debug|Any CPU
		{F5B86350-17E2-4E0C-BA34-7C94F0904934}.Release|Any CPU.ActiveCfg = Release|Any CPU
		{F5B86350-17E2-4E0C-BA34-7C94F0904934}.Release|Any CPU.Build.0 = Release|Any CPU
		{9650B82E-FF8A-43DA-9121-32696148ED8C}.Debug|Any CPU.ActiveCfg = Debug|Any CPU
		{9650B82E-FF8A-43DA-9121-32696148ED8C}.Debug|Any CPU.Build.0 = Debug|Any CPU
		{9650B82E-FF8A-43DA-9121-32696148ED8C}.Release|Any CPU.ActiveCfg = Release|Any CPU
		{9650B82E-FF8A-43DA-9121-32696148ED8C}.Release|Any CPU.Build.0 = Release|Any CPU
		{7D685625-35D0-4F79-9117-1F9DD6C16415}.Debug|Any CPU.ActiveCfg = Debug|Any CPU
		{7D685625-35D0-4F79-9117-1F9DD6C16415}.Debug|Any CPU.Build.0 = Debug|Any CPU
		{7D685625-35D0-4F79-9117-1F9DD6C16415}.Release|Any CPU.ActiveCfg = Release|Any CPU
		{7D685625-35D0-4F79-9117-1F9DD6C16415}.Release|Any CPU.Build.0 = Release|Any CPU
		{752B1558-04D4-49B2-977C-69F885A14633}.Debug|Any CPU.ActiveCfg = Debug|Any CPU
		{752B1558-04D4-49B2-977C-69F885A14633}.Debug|Any CPU.Build.0 = Debug|Any CPU
		{752B1558-04D4-49B2-977C-69F885A14633}.Release|Any CPU.ActiveCfg = Release|Any CPU
		{752B1558-04D4-49B2-977C-69F885A14633}.Release|Any CPU.Build.0 = Release|Any CPU
		{0E5EDAFE-1BA2-4651-B2B6-FA435451007C}.Debug|Any CPU.ActiveCfg = Debug|Any CPU
		{0E5EDAFE-1BA2-4651-B2B6-FA435451007C}.Debug|Any CPU.Build.0 = Debug|Any CPU
		{0E5EDAFE-1BA2-4651-B2B6-FA435451007C}.Release|Any CPU.ActiveCfg = Release|Any CPU
		{0E5EDAFE-1BA2-4651-B2B6-FA435451007C}.Release|Any CPU.Build.0 = Release|Any CPU
		{5DB0DDDD-E503-45A7-A83E-71D5AFC9764D}.Debug|Any CPU.ActiveCfg = Debug|Any CPU
		{5DB0DDDD-E503-45A7-A83E-71D5AFC9764D}.Debug|Any CPU.Build.0 = Debug|Any CPU
		{5DB0DDDD-E503-45A7-A83E-71D5AFC9764D}.Release|Any CPU.ActiveCfg = Release|Any CPU
		{5DB0DDDD-E503-45A7-A83E-71D5AFC9764D}.Release|Any CPU.Build.0 = Release|Any CPU
		{EEAFDA45-7B01-457C-B0EE-C38F117AE9BC}.Debug|Any CPU.ActiveCfg = Debug|Any CPU
		{EEAFDA45-7B01-457C-B0EE-C38F117AE9BC}.Debug|Any CPU.Build.0 = Debug|Any CPU
		{EEAFDA45-7B01-457C-B0EE-C38F117AE9BC}.Release|Any CPU.ActiveCfg = Release|Any CPU
		{EEAFDA45-7B01-457C-B0EE-C38F117AE9BC}.Release|Any CPU.Build.0 = Release|Any CPU
		{DBF80380-99BB-4B2A-90A5-BED1ABC8B184}.Debug|Any CPU.ActiveCfg = Debug|Any CPU
		{DBF80380-99BB-4B2A-90A5-BED1ABC8B184}.Debug|Any CPU.Build.0 = Debug|Any CPU
		{DBF80380-99BB-4B2A-90A5-BED1ABC8B184}.Release|Any CPU.ActiveCfg = Release|Any CPU
		{DBF80380-99BB-4B2A-90A5-BED1ABC8B184}.Release|Any CPU.Build.0 = Release|Any CPU
		{FEA62046-AA9E-4793-B0C5-02CF279B3CC4}.Debug|Any CPU.ActiveCfg = Debug|Any CPU
		{FEA62046-AA9E-4793-B0C5-02CF279B3CC4}.Debug|Any CPU.Build.0 = Debug|Any CPU
		{FEA62046-AA9E-4793-B0C5-02CF279B3CC4}.Release|Any CPU.ActiveCfg = Release|Any CPU
		{FEA62046-AA9E-4793-B0C5-02CF279B3CC4}.Release|Any CPU.Build.0 = Release|Any CPU
		{4F5F217F-9361-4C52-A2C2-55FAF8D7F7F9}.Debug|Any CPU.ActiveCfg = Debug|Any CPU
		{4F5F217F-9361-4C52-A2C2-55FAF8D7F7F9}.Debug|Any CPU.Build.0 = Debug|Any CPU
		{4F5F217F-9361-4C52-A2C2-55FAF8D7F7F9}.Release|Any CPU.ActiveCfg = Release|Any CPU
		{4F5F217F-9361-4C52-A2C2-55FAF8D7F7F9}.Release|Any CPU.Build.0 = Release|Any CPU
		{1BB80F64-C890-4B36-A294-F0A5635C065E}.Debug|Any CPU.ActiveCfg = Debug|Any CPU
		{1BB80F64-C890-4B36-A294-F0A5635C065E}.Debug|Any CPU.Build.0 = Debug|Any CPU
		{1BB80F64-C890-4B36-A294-F0A5635C065E}.Release|Any CPU.ActiveCfg = Release|Any CPU
		{1BB80F64-C890-4B36-A294-F0A5635C065E}.Release|Any CPU.Build.0 = Release|Any CPU
		{EA1E63B2-FF18-477F-AD72-14DB1DA9101A}.Debug|Any CPU.ActiveCfg = Debug|Any CPU
		{EA1E63B2-FF18-477F-AD72-14DB1DA9101A}.Debug|Any CPU.Build.0 = Debug|Any CPU
		{EA1E63B2-FF18-477F-AD72-14DB1DA9101A}.Release|Any CPU.ActiveCfg = Release|Any CPU
		{EA1E63B2-FF18-477F-AD72-14DB1DA9101A}.Release|Any CPU.Build.0 = Release|Any CPU
		{B03F975B-4D35-4535-99FD-B673140210E9}.Debug|Any CPU.ActiveCfg = Debug|Any CPU
		{B03F975B-4D35-4535-99FD-B673140210E9}.Debug|Any CPU.Build.0 = Debug|Any CPU
		{B03F975B-4D35-4535-99FD-B673140210E9}.Release|Any CPU.ActiveCfg = Release|Any CPU
		{B03F975B-4D35-4535-99FD-B673140210E9}.Release|Any CPU.Build.0 = Release|Any CPU
		{444C729C-12BB-434A-9C71-A6B002EF6549}.Debug|Any CPU.ActiveCfg = Debug|Any CPU
		{444C729C-12BB-434A-9C71-A6B002EF6549}.Debug|Any CPU.Build.0 = Debug|Any CPU
		{444C729C-12BB-434A-9C71-A6B002EF6549}.Release|Any CPU.ActiveCfg = Release|Any CPU
		{444C729C-12BB-434A-9C71-A6B002EF6549}.Release|Any CPU.Build.0 = Release|Any CPU
		{16A12A47-F3B9-4CD0-8CD1-C661C79A60B0}.Debug|Any CPU.ActiveCfg = Debug|Any CPU
		{16A12A47-F3B9-4CD0-8CD1-C661C79A60B0}.Debug|Any CPU.Build.0 = Debug|Any CPU
		{16A12A47-F3B9-4CD0-8CD1-C661C79A60B0}.Release|Any CPU.ActiveCfg = Release|Any CPU
		{16A12A47-F3B9-4CD0-8CD1-C661C79A60B0}.Release|Any CPU.Build.0 = Release|Any CPU
		{968D0FA2-9C29-4966-9B96-06B6273BA34D}.Debug|Any CPU.ActiveCfg = Debug|Any CPU
		{968D0FA2-9C29-4966-9B96-06B6273BA34D}.Debug|Any CPU.Build.0 = Debug|Any CPU
		{968D0FA2-9C29-4966-9B96-06B6273BA34D}.Release|Any CPU.ActiveCfg = Release|Any CPU
		{968D0FA2-9C29-4966-9B96-06B6273BA34D}.Release|Any CPU.Build.0 = Release|Any CPU
		{50507DE6-7092-423B-897F-1CA3E43C172D}.Debug|Any CPU.ActiveCfg = Debug|Any CPU
		{50507DE6-7092-423B-897F-1CA3E43C172D}.Debug|Any CPU.Build.0 = Debug|Any CPU
		{50507DE6-7092-423B-897F-1CA3E43C172D}.Release|Any CPU.ActiveCfg = Release|Any CPU
		{50507DE6-7092-423B-897F-1CA3E43C172D}.Release|Any CPU.Build.0 = Release|Any CPU
		{C9245846-6EDB-41DC-80F1-371AFC21EF22}.Debug|Any CPU.ActiveCfg = Debug|Any CPU
		{C9245846-6EDB-41DC-80F1-371AFC21EF22}.Debug|Any CPU.Build.0 = Debug|Any CPU
		{C9245846-6EDB-41DC-80F1-371AFC21EF22}.Release|Any CPU.ActiveCfg = Release|Any CPU
		{C9245846-6EDB-41DC-80F1-371AFC21EF22}.Release|Any CPU.Build.0 = Release|Any CPU
		{07F255FA-E7AB-4D2C-8A8C-4ED88404B5AF}.Debug|Any CPU.ActiveCfg = Debug|Any CPU
		{07F255FA-E7AB-4D2C-8A8C-4ED88404B5AF}.Debug|Any CPU.Build.0 = Debug|Any CPU
		{07F255FA-E7AB-4D2C-8A8C-4ED88404B5AF}.Release|Any CPU.ActiveCfg = Release|Any CPU
		{07F255FA-E7AB-4D2C-8A8C-4ED88404B5AF}.Release|Any CPU.Build.0 = Release|Any CPU
		{B12E8A81-E7D2-4468-BE87-701E0F86887D}.Debug|Any CPU.ActiveCfg = Debug|Any CPU
		{B12E8A81-E7D2-4468-BE87-701E0F86887D}.Debug|Any CPU.Build.0 = Debug|Any CPU
		{B12E8A81-E7D2-4468-BE87-701E0F86887D}.Release|Any CPU.ActiveCfg = Release|Any CPU
		{B12E8A81-E7D2-4468-BE87-701E0F86887D}.Release|Any CPU.Build.0 = Release|Any CPU
		{ECD36127-ABFC-4FC7-B5E5-3CE709B0152A}.Debug|Any CPU.ActiveCfg = Debug|Any CPU
		{ECD36127-ABFC-4FC7-B5E5-3CE709B0152A}.Debug|Any CPU.Build.0 = Debug|Any CPU
		{ECD36127-ABFC-4FC7-B5E5-3CE709B0152A}.Release|Any CPU.ActiveCfg = Release|Any CPU
		{ECD36127-ABFC-4FC7-B5E5-3CE709B0152A}.Release|Any CPU.Build.0 = Release|Any CPU
		{D830EE48-2F29-416A-B5F7-FBF17B95B8E4}.Debug|Any CPU.ActiveCfg = Debug|Any CPU
		{D830EE48-2F29-416A-B5F7-FBF17B95B8E4}.Debug|Any CPU.Build.0 = Debug|Any CPU
		{D830EE48-2F29-416A-B5F7-FBF17B95B8E4}.Release|Any CPU.ActiveCfg = Release|Any CPU
		{D830EE48-2F29-416A-B5F7-FBF17B95B8E4}.Release|Any CPU.Build.0 = Release|Any CPU
		{8707CDCF-4F3F-4753-BCD2-6657EBA93391}.Debug|Any CPU.ActiveCfg = Debug|Any CPU
		{8707CDCF-4F3F-4753-BCD2-6657EBA93391}.Debug|Any CPU.Build.0 = Debug|Any CPU
		{8707CDCF-4F3F-4753-BCD2-6657EBA93391}.Release|Any CPU.ActiveCfg = Release|Any CPU
		{8707CDCF-4F3F-4753-BCD2-6657EBA93391}.Release|Any CPU.Build.0 = Release|Any CPU
		{80808C2D-15A3-4C4F-98AE-167B1DBAD693}.Debug|Any CPU.ActiveCfg = Debug|Any CPU
		{80808C2D-15A3-4C4F-98AE-167B1DBAD693}.Debug|Any CPU.Build.0 = Debug|Any CPU
		{80808C2D-15A3-4C4F-98AE-167B1DBAD693}.Release|Any CPU.ActiveCfg = Release|Any CPU
		{80808C2D-15A3-4C4F-98AE-167B1DBAD693}.Release|Any CPU.Build.0 = Release|Any CPU
		{933AF0D8-10DE-45A7-BAA9-0F480C11AC99}.Debug|Any CPU.ActiveCfg = Debug|Any CPU
		{933AF0D8-10DE-45A7-BAA9-0F480C11AC99}.Debug|Any CPU.Build.0 = Debug|Any CPU
		{933AF0D8-10DE-45A7-BAA9-0F480C11AC99}.Release|Any CPU.ActiveCfg = Release|Any CPU
		{933AF0D8-10DE-45A7-BAA9-0F480C11AC99}.Release|Any CPU.Build.0 = Release|Any CPU
		{2F2F92F6-9ED8-43A7-852C-9A962DC74686}.Debug|Any CPU.ActiveCfg = Debug|Any CPU
		{2F2F92F6-9ED8-43A7-852C-9A962DC74686}.Debug|Any CPU.Build.0 = Debug|Any CPU
		{2F2F92F6-9ED8-43A7-852C-9A962DC74686}.Release|Any CPU.ActiveCfg = Release|Any CPU
		{2F2F92F6-9ED8-43A7-852C-9A962DC74686}.Release|Any CPU.Build.0 = Release|Any CPU
		{CE7D0B33-3438-46F2-A4B3-DC16FBBE1CF4}.Debug|Any CPU.ActiveCfg = Debug|Any CPU
		{CE7D0B33-3438-46F2-A4B3-DC16FBBE1CF4}.Debug|Any CPU.Build.0 = Debug|Any CPU
		{CE7D0B33-3438-46F2-A4B3-DC16FBBE1CF4}.Release|Any CPU.ActiveCfg = Release|Any CPU
		{CE7D0B33-3438-46F2-A4B3-DC16FBBE1CF4}.Release|Any CPU.Build.0 = Release|Any CPU
		{2E62FC1A-B048-C973-2D9F-45722735CB37}.Debug|Any CPU.ActiveCfg = Debug|Any CPU
		{2E62FC1A-B048-C973-2D9F-45722735CB37}.Debug|Any CPU.Build.0 = Debug|Any CPU
		{2E62FC1A-B048-C973-2D9F-45722735CB37}.Release|Any CPU.ActiveCfg = Release|Any CPU
		{2E62FC1A-B048-C973-2D9F-45722735CB37}.Release|Any CPU.Build.0 = Release|Any CPU
		{09B7B66F-DEEB-489A-A5E9-0BCD0599B625}.Debug|Any CPU.ActiveCfg = Debug|Any CPU
		{09B7B66F-DEEB-489A-A5E9-0BCD0599B625}.Debug|Any CPU.Build.0 = Debug|Any CPU
		{09B7B66F-DEEB-489A-A5E9-0BCD0599B625}.Release|Any CPU.ActiveCfg = Release|Any CPU
		{09B7B66F-DEEB-489A-A5E9-0BCD0599B625}.Release|Any CPU.Build.0 = Release|Any CPU
		{ABF278C8-42B7-467B-9481-5ADEA4843C72}.Debug|Any CPU.ActiveCfg = Debug|Any CPU
		{ABF278C8-42B7-467B-9481-5ADEA4843C72}.Debug|Any CPU.Build.0 = Debug|Any CPU
		{ABF278C8-42B7-467B-9481-5ADEA4843C72}.Release|Any CPU.ActiveCfg = Release|Any CPU
		{ABF278C8-42B7-467B-9481-5ADEA4843C72}.Release|Any CPU.Build.0 = Release|Any CPU
		{5092C237-849D-4020-A65B-15470FF8B105}.Debug|Any CPU.ActiveCfg = Debug|Any CPU
		{5092C237-849D-4020-A65B-15470FF8B105}.Debug|Any CPU.Build.0 = Debug|Any CPU
		{5092C237-849D-4020-A65B-15470FF8B105}.Release|Any CPU.ActiveCfg = Release|Any CPU
		{5092C237-849D-4020-A65B-15470FF8B105}.Release|Any CPU.Build.0 = Release|Any CPU
		{1A1F68CA-C9C8-460A-8E3F-03D3584D480E}.Debug|Any CPU.ActiveCfg = Debug|Any CPU
		{1A1F68CA-C9C8-460A-8E3F-03D3584D480E}.Debug|Any CPU.Build.0 = Debug|Any CPU
		{1A1F68CA-C9C8-460A-8E3F-03D3584D480E}.Release|Any CPU.ActiveCfg = Release|Any CPU
		{1A1F68CA-C9C8-460A-8E3F-03D3584D480E}.Release|Any CPU.Build.0 = Release|Any CPU
		{0A9920E6-8554-4744-AEF1-226534F646BA}.Debug|Any CPU.ActiveCfg = Debug|Any CPU
		{0A9920E6-8554-4744-AEF1-226534F646BA}.Debug|Any CPU.Build.0 = Debug|Any CPU
		{0A9920E6-8554-4744-AEF1-226534F646BA}.Release|Any CPU.ActiveCfg = Release|Any CPU
		{0A9920E6-8554-4744-AEF1-226534F646BA}.Release|Any CPU.Build.0 = Release|Any CPU
		{CBE03D11-3658-46D9-AA2B-E9A3A43CEE3E}.Debug|Any CPU.ActiveCfg = Debug|Any CPU
		{CBE03D11-3658-46D9-AA2B-E9A3A43CEE3E}.Debug|Any CPU.Build.0 = Debug|Any CPU
		{CBE03D11-3658-46D9-AA2B-E9A3A43CEE3E}.Release|Any CPU.ActiveCfg = Release|Any CPU
		{CBE03D11-3658-46D9-AA2B-E9A3A43CEE3E}.Release|Any CPU.Build.0 = Release|Any CPU
		{27ACADB4-BBD8-2B67-FA69-5519FDF3B600}.Debug|Any CPU.ActiveCfg = Debug|Any CPU
		{27ACADB4-BBD8-2B67-FA69-5519FDF3B600}.Debug|Any CPU.Build.0 = Debug|Any CPU
		{27ACADB4-BBD8-2B67-FA69-5519FDF3B600}.Release|Any CPU.ActiveCfg = Release|Any CPU
		{27ACADB4-BBD8-2B67-FA69-5519FDF3B600}.Release|Any CPU.Build.0 = Release|Any CPU
		{8F12C8F0-2461-41AF-8934-F6E3B7B9DC0A}.Debug|Any CPU.ActiveCfg = Debug|Any CPU
		{8F12C8F0-2461-41AF-8934-F6E3B7B9DC0A}.Debug|Any CPU.Build.0 = Debug|Any CPU
		{8F12C8F0-2461-41AF-8934-F6E3B7B9DC0A}.Release|Any CPU.ActiveCfg = Release|Any CPU
		{8F12C8F0-2461-41AF-8934-F6E3B7B9DC0A}.Release|Any CPU.Build.0 = Release|Any CPU
		{F9174712-4253-4DA2-9D5A-2E04AB22EDEC}.Debug|Any CPU.ActiveCfg = Debug|Any CPU
		{F9174712-4253-4DA2-9D5A-2E04AB22EDEC}.Debug|Any CPU.Build.0 = Debug|Any CPU
		{F9174712-4253-4DA2-9D5A-2E04AB22EDEC}.Release|Any CPU.ActiveCfg = Release|Any CPU
		{F9174712-4253-4DA2-9D5A-2E04AB22EDEC}.Release|Any CPU.Build.0 = Release|Any CPU
		{104BADF3-4134-41DF-AB09-1A12F2EFC91F}.Debug|Any CPU.ActiveCfg = Debug|Any CPU
		{104BADF3-4134-41DF-AB09-1A12F2EFC91F}.Debug|Any CPU.Build.0 = Debug|Any CPU
		{104BADF3-4134-41DF-AB09-1A12F2EFC91F}.Release|Any CPU.ActiveCfg = Release|Any CPU
		{104BADF3-4134-41DF-AB09-1A12F2EFC91F}.Release|Any CPU.Build.0 = Release|Any CPU
		{7BB388C4-4041-4475-881B-F124396577DA}.Debug|Any CPU.ActiveCfg = Debug|Any CPU
		{7BB388C4-4041-4475-881B-F124396577DA}.Debug|Any CPU.Build.0 = Debug|Any CPU
		{7BB388C4-4041-4475-881B-F124396577DA}.Release|Any CPU.ActiveCfg = Release|Any CPU
		{7BB388C4-4041-4475-881B-F124396577DA}.Release|Any CPU.Build.0 = Release|Any CPU
		{C13726F7-D4DC-4195-82C4-F337D7FBE9B1}.Debug|Any CPU.ActiveCfg = Debug|Any CPU
		{C13726F7-D4DC-4195-82C4-F337D7FBE9B1}.Debug|Any CPU.Build.0 = Debug|Any CPU
		{C13726F7-D4DC-4195-82C4-F337D7FBE9B1}.Release|Any CPU.ActiveCfg = Release|Any CPU
		{C13726F7-D4DC-4195-82C4-F337D7FBE9B1}.Release|Any CPU.Build.0 = Release|Any CPU
		{8D980DE7-1B95-45A1-BB0C-A308D54EF0C4}.Debug|Any CPU.ActiveCfg = Debug|Any CPU
		{8D980DE7-1B95-45A1-BB0C-A308D54EF0C4}.Debug|Any CPU.Build.0 = Debug|Any CPU
		{8D980DE7-1B95-45A1-BB0C-A308D54EF0C4}.Release|Any CPU.ActiveCfg = Release|Any CPU
		{8D980DE7-1B95-45A1-BB0C-A308D54EF0C4}.Release|Any CPU.Build.0 = Release|Any CPU
		{D7D5B83A-F5EA-418A-994C-9663624FE276}.Debug|Any CPU.ActiveCfg = Debug|Any CPU
		{D7D5B83A-F5EA-418A-994C-9663624FE276}.Debug|Any CPU.Build.0 = Debug|Any CPU
		{D7D5B83A-F5EA-418A-994C-9663624FE276}.Release|Any CPU.ActiveCfg = Release|Any CPU
		{D7D5B83A-F5EA-418A-994C-9663624FE276}.Release|Any CPU.Build.0 = Release|Any CPU
		{D8651FB4-CB79-4236-8F57-91D68B8F8656}.Debug|Any CPU.ActiveCfg = Debug|Any CPU
		{D8651FB4-CB79-4236-8F57-91D68B8F8656}.Debug|Any CPU.Build.0 = Debug|Any CPU
		{D8651FB4-CB79-4236-8F57-91D68B8F8656}.Release|Any CPU.ActiveCfg = Release|Any CPU
		{D8651FB4-CB79-4236-8F57-91D68B8F8656}.Release|Any CPU.Build.0 = Release|Any CPU
		{98F921B9-B8F4-4176-BFBF-51DF0FACD856}.Debug|Any CPU.ActiveCfg = Debug|Any CPU
		{98F921B9-B8F4-4176-BFBF-51DF0FACD856}.Debug|Any CPU.Build.0 = Debug|Any CPU
		{98F921B9-B8F4-4176-BFBF-51DF0FACD856}.Release|Any CPU.ActiveCfg = Release|Any CPU
		{98F921B9-B8F4-4176-BFBF-51DF0FACD856}.Release|Any CPU.Build.0 = Release|Any CPU
		{4984DC9A-FCCA-4C50-BB6E-4D1EB1737FAA}.Debug|Any CPU.ActiveCfg = Debug|Any CPU
		{4984DC9A-FCCA-4C50-BB6E-4D1EB1737FAA}.Debug|Any CPU.Build.0 = Debug|Any CPU
		{4984DC9A-FCCA-4C50-BB6E-4D1EB1737FAA}.Release|Any CPU.ActiveCfg = Release|Any CPU
		{4984DC9A-FCCA-4C50-BB6E-4D1EB1737FAA}.Release|Any CPU.Build.0 = Release|Any CPU
		{6A50D025-5775-4CAB-AFC4-2C46265CB798}.Debug|Any CPU.ActiveCfg = Debug|Any CPU
		{6A50D025-5775-4CAB-AFC4-2C46265CB798}.Debug|Any CPU.Build.0 = Debug|Any CPU
		{6A50D025-5775-4CAB-AFC4-2C46265CB798}.Release|Any CPU.ActiveCfg = Release|Any CPU
		{6A50D025-5775-4CAB-AFC4-2C46265CB798}.Release|Any CPU.Build.0 = Release|Any CPU
		{B81EE522-668C-40D8-B78D-712BD76BD5F4}.Debug|Any CPU.ActiveCfg = Debug|Any CPU
		{B81EE522-668C-40D8-B78D-712BD76BD5F4}.Debug|Any CPU.Build.0 = Debug|Any CPU
		{B81EE522-668C-40D8-B78D-712BD76BD5F4}.Release|Any CPU.ActiveCfg = Release|Any CPU
		{B81EE522-668C-40D8-B78D-712BD76BD5F4}.Release|Any CPU.Build.0 = Release|Any CPU
		{6356BB0C-55DA-464F-A586-C0A14EF48A7A}.Debug|Any CPU.ActiveCfg = Debug|Any CPU
		{6356BB0C-55DA-464F-A586-C0A14EF48A7A}.Debug|Any CPU.Build.0 = Debug|Any CPU
		{6356BB0C-55DA-464F-A586-C0A14EF48A7A}.Release|Any CPU.ActiveCfg = Release|Any CPU
		{6356BB0C-55DA-464F-A586-C0A14EF48A7A}.Release|Any CPU.Build.0 = Release|Any CPU
		{B8DB4803-212C-452A-8DBA-68BD386BDE23}.Debug|Any CPU.ActiveCfg = Debug|Any CPU
		{B8DB4803-212C-452A-8DBA-68BD386BDE23}.Debug|Any CPU.Build.0 = Debug|Any CPU
		{B8DB4803-212C-452A-8DBA-68BD386BDE23}.Release|Any CPU.ActiveCfg = Release|Any CPU
		{B8DB4803-212C-452A-8DBA-68BD386BDE23}.Release|Any CPU.Build.0 = Release|Any CPU
		{6582B3D3-1345-4C08-9671-16AED4448487}.Debug|Any CPU.ActiveCfg = Debug|Any CPU
		{6582B3D3-1345-4C08-9671-16AED4448487}.Debug|Any CPU.Build.0 = Debug|Any CPU
		{6582B3D3-1345-4C08-9671-16AED4448487}.Release|Any CPU.ActiveCfg = Release|Any CPU
		{6582B3D3-1345-4C08-9671-16AED4448487}.Release|Any CPU.Build.0 = Release|Any CPU
	EndGlobalSection
	GlobalSection(SolutionProperties) = preSolution
		HideSolutionNode = FALSE
	EndGlobalSection
	GlobalSection(ExtensibilityGlobals) = postSolution
		SolutionGuid = {DAFB2666-6553-4132-AA64-A693F3DDDE78}
	EndGlobalSection
EndGlobal
